
Microsoft Visual Studio Solution File, Format Version 12.00
# Visual Studio 15
VisualStudioVersion = 15.0.26730.12
MinimumVisualStudioVersion = 10.0.40219.1
Project("{FAE04EC0-301F-11D3-BF4B-00C04F79EFBC}") = "MCAPP_Project.Droid", "MCAPP_Project.Droid\MCAPP_Project.Droid.csproj", "{20763D0F-037D-4E9D-A8E7-9D7B28E56805}"
EndProject
Project("{9A19103F-16F7-4668-BE54-9A1E7A4F7556}") = "MCAPP_Project.Core", "MCAPP_Project.Core\MCAPP_Project.Core.csproj", "{66829520-ED76-47A1-A982-5ADAFD0994D5}"
EndProject
Project("{FAE04EC0-301F-11D3-BF4B-00C04F79EFBC}") = "MCAPP_Project.iOS", "MCAPP_Project.iOS\MCAPP_Project.iOS.csproj", "{A6E12DCE-2ED5-4AD1-8BFC-0190A3C08F67}"
EndProject
Project("{FAE04EC0-301F-11D3-BF4B-00C04F79EFBC}") = "MCAPP_Project.UWP", "MCAPP_Project.UWP\MCAPP_Project.UWP.csproj", "{C93CEB52-90A6-4F9E-BAAE-DFD47C2AB924}"
EndProject
Project("{FAE04EC0-301F-11D3-BF4B-00C04F79EFBC}") = "MCAPP_Project.WPF", "MCAPP_Project.WPF\MCAPP_Project.WPF.csproj", "{AF6E5FC1-FF41-4C31-BAEB-98F84064544C}"
EndProject
Global
	GlobalSection(SolutionConfigurationPlatforms) = preSolution
		Ad-Hoc|Any CPU = Ad-Hoc|Any CPU
		Ad-Hoc|ARM = Ad-Hoc|ARM
		Ad-Hoc|iPhone = Ad-Hoc|iPhone
		Ad-Hoc|iPhoneSimulator = Ad-Hoc|iPhoneSimulator
		Ad-Hoc|x64 = Ad-Hoc|x64
		Ad-Hoc|x86 = Ad-Hoc|x86
		AppStore|Any CPU = AppStore|Any CPU
		AppStore|ARM = AppStore|ARM
		AppStore|iPhone = AppStore|iPhone
		AppStore|iPhoneSimulator = AppStore|iPhoneSimulator
		AppStore|x64 = AppStore|x64
		AppStore|x86 = AppStore|x86
		Debug|Any CPU = Debug|Any CPU
		Debug|ARM = Debug|ARM
		Debug|iPhone = Debug|iPhone
		Debug|iPhoneSimulator = Debug|iPhoneSimulator
		Debug|x64 = Debug|x64
		Debug|x86 = Debug|x86
		Release|Any CPU = Release|Any CPU
		Release|ARM = Release|ARM
		Release|iPhone = Release|iPhone
		Release|iPhoneSimulator = Release|iPhoneSimulator
		Release|x64 = Release|x64
		Release|x86 = Release|x86
	EndGlobalSection
	GlobalSection(ProjectConfigurationPlatforms) = postSolution
		{20763D0F-037D-4E9D-A8E7-9D7B28E56805}.Ad-Hoc|Any CPU.ActiveCfg = Release|Any CPU
		{20763D0F-037D-4E9D-A8E7-9D7B28E56805}.Ad-Hoc|Any CPU.Build.0 = Release|Any CPU
		{20763D0F-037D-4E9D-A8E7-9D7B28E56805}.Ad-Hoc|Any CPU.Deploy.0 = Release|Any CPU
		{20763D0F-037D-4E9D-A8E7-9D7B28E56805}.Ad-Hoc|ARM.ActiveCfg = Release|Any CPU
		{20763D0F-037D-4E9D-A8E7-9D7B28E56805}.Ad-Hoc|ARM.Build.0 = Release|Any CPU
		{20763D0F-037D-4E9D-A8E7-9D7B28E56805}.Ad-Hoc|ARM.Deploy.0 = Release|Any CPU
		{20763D0F-037D-4E9D-A8E7-9D7B28E56805}.Ad-Hoc|iPhone.ActiveCfg = Release|Any CPU
		{20763D0F-037D-4E9D-A8E7-9D7B28E56805}.Ad-Hoc|iPhone.Build.0 = Release|Any CPU
		{20763D0F-037D-4E9D-A8E7-9D7B28E56805}.Ad-Hoc|iPhone.Deploy.0 = Release|Any CPU
		{20763D0F-037D-4E9D-A8E7-9D7B28E56805}.Ad-Hoc|iPhoneSimulator.ActiveCfg = Release|Any CPU
		{20763D0F-037D-4E9D-A8E7-9D7B28E56805}.Ad-Hoc|iPhoneSimulator.Build.0 = Release|Any CPU
		{20763D0F-037D-4E9D-A8E7-9D7B28E56805}.Ad-Hoc|iPhoneSimulator.Deploy.0 = Release|Any CPU
		{20763D0F-037D-4E9D-A8E7-9D7B28E56805}.Ad-Hoc|x64.ActiveCfg = Release|Any CPU
		{20763D0F-037D-4E9D-A8E7-9D7B28E56805}.Ad-Hoc|x64.Build.0 = Release|Any CPU
		{20763D0F-037D-4E9D-A8E7-9D7B28E56805}.Ad-Hoc|x64.Deploy.0 = Release|Any CPU
		{20763D0F-037D-4E9D-A8E7-9D7B28E56805}.Ad-Hoc|x86.ActiveCfg = Release|Any CPU
		{20763D0F-037D-4E9D-A8E7-9D7B28E56805}.Ad-Hoc|x86.Build.0 = Release|Any CPU
		{20763D0F-037D-4E9D-A8E7-9D7B28E56805}.Ad-Hoc|x86.Deploy.0 = Release|Any CPU
		{20763D0F-037D-4E9D-A8E7-9D7B28E56805}.AppStore|Any CPU.ActiveCfg = Release|Any CPU
		{20763D0F-037D-4E9D-A8E7-9D7B28E56805}.AppStore|Any CPU.Build.0 = Release|Any CPU
		{20763D0F-037D-4E9D-A8E7-9D7B28E56805}.AppStore|Any CPU.Deploy.0 = Release|Any CPU
		{20763D0F-037D-4E9D-A8E7-9D7B28E56805}.AppStore|ARM.ActiveCfg = Release|Any CPU
		{20763D0F-037D-4E9D-A8E7-9D7B28E56805}.AppStore|ARM.Build.0 = Release|Any CPU
		{20763D0F-037D-4E9D-A8E7-9D7B28E56805}.AppStore|ARM.Deploy.0 = Release|Any CPU
		{20763D0F-037D-4E9D-A8E7-9D7B28E56805}.AppStore|iPhone.ActiveCfg = Release|Any CPU
		{20763D0F-037D-4E9D-A8E7-9D7B28E56805}.AppStore|iPhone.Build.0 = Release|Any CPU
		{20763D0F-037D-4E9D-A8E7-9D7B28E56805}.AppStore|iPhone.Deploy.0 = Release|Any CPU
		{20763D0F-037D-4E9D-A8E7-9D7B28E56805}.AppStore|iPhoneSimulator.ActiveCfg = Release|Any CPU
		{20763D0F-037D-4E9D-A8E7-9D7B28E56805}.AppStore|iPhoneSimulator.Build.0 = Release|Any CPU
		{20763D0F-037D-4E9D-A8E7-9D7B28E56805}.AppStore|iPhoneSimulator.Deploy.0 = Release|Any CPU
		{20763D0F-037D-4E9D-A8E7-9D7B28E56805}.AppStore|x64.ActiveCfg = Release|Any CPU
		{20763D0F-037D-4E9D-A8E7-9D7B28E56805}.AppStore|x64.Build.0 = Release|Any CPU
		{20763D0F-037D-4E9D-A8E7-9D7B28E56805}.AppStore|x64.Deploy.0 = Release|Any CPU
		{20763D0F-037D-4E9D-A8E7-9D7B28E56805}.AppStore|x86.ActiveCfg = Release|Any CPU
		{20763D0F-037D-4E9D-A8E7-9D7B28E56805}.AppStore|x86.Build.0 = Release|Any CPU
		{20763D0F-037D-4E9D-A8E7-9D7B28E56805}.AppStore|x86.Deploy.0 = Release|Any CPU
		{20763D0F-037D-4E9D-A8E7-9D7B28E56805}.Debug|Any CPU.ActiveCfg = Debug|Any CPU
		{20763D0F-037D-4E9D-A8E7-9D7B28E56805}.Debug|Any CPU.Build.0 = Debug|Any CPU
		{20763D0F-037D-4E9D-A8E7-9D7B28E56805}.Debug|ARM.ActiveCfg = Debug|Any CPU
		{20763D0F-037D-4E9D-A8E7-9D7B28E56805}.Debug|ARM.Build.0 = Debug|Any CPU
		{20763D0F-037D-4E9D-A8E7-9D7B28E56805}.Debug|ARM.Deploy.0 = Debug|Any CPU
		{20763D0F-037D-4E9D-A8E7-9D7B28E56805}.Debug|iPhone.ActiveCfg = Debug|Any CPU
		{20763D0F-037D-4E9D-A8E7-9D7B28E56805}.Debug|iPhone.Build.0 = Debug|Any CPU
		{20763D0F-037D-4E9D-A8E7-9D7B28E56805}.Debug|iPhone.Deploy.0 = Debug|Any CPU
		{20763D0F-037D-4E9D-A8E7-9D7B28E56805}.Debug|iPhoneSimulator.ActiveCfg = Debug|Any CPU
		{20763D0F-037D-4E9D-A8E7-9D7B28E56805}.Debug|iPhoneSimulator.Build.0 = Debug|Any CPU
		{20763D0F-037D-4E9D-A8E7-9D7B28E56805}.Debug|iPhoneSimulator.Deploy.0 = Debug|Any CPU
		{20763D0F-037D-4E9D-A8E7-9D7B28E56805}.Debug|x64.ActiveCfg = Debug|Any CPU
		{20763D0F-037D-4E9D-A8E7-9D7B28E56805}.Debug|x64.Build.0 = Debug|Any CPU
		{20763D0F-037D-4E9D-A8E7-9D7B28E56805}.Debug|x64.Deploy.0 = Debug|Any CPU
		{20763D0F-037D-4E9D-A8E7-9D7B28E56805}.Debug|x86.ActiveCfg = Debug|Any CPU
		{20763D0F-037D-4E9D-A8E7-9D7B28E56805}.Debug|x86.Build.0 = Debug|Any CPU
		{20763D0F-037D-4E9D-A8E7-9D7B28E56805}.Debug|x86.Deploy.0 = Debug|Any CPU
		{20763D0F-037D-4E9D-A8E7-9D7B28E56805}.Release|Any CPU.ActiveCfg = Release|Any CPU
		{20763D0F-037D-4E9D-A8E7-9D7B28E56805}.Release|ARM.ActiveCfg = Release|Any CPU
		{20763D0F-037D-4E9D-A8E7-9D7B28E56805}.Release|ARM.Build.0 = Release|Any CPU
		{20763D0F-037D-4E9D-A8E7-9D7B28E56805}.Release|ARM.Deploy.0 = Release|Any CPU
		{20763D0F-037D-4E9D-A8E7-9D7B28E56805}.Release|iPhone.ActiveCfg = Release|Any CPU
		{20763D0F-037D-4E9D-A8E7-9D7B28E56805}.Release|iPhone.Build.0 = Release|Any CPU
		{20763D0F-037D-4E9D-A8E7-9D7B28E56805}.Release|iPhone.Deploy.0 = Release|Any CPU
		{20763D0F-037D-4E9D-A8E7-9D7B28E56805}.Release|iPhoneSimulator.ActiveCfg = Release|Any CPU
		{20763D0F-037D-4E9D-A8E7-9D7B28E56805}.Release|iPhoneSimulator.Build.0 = Release|Any CPU
		{20763D0F-037D-4E9D-A8E7-9D7B28E56805}.Release|iPhoneSimulator.Deploy.0 = Release|Any CPU
		{20763D0F-037D-4E9D-A8E7-9D7B28E56805}.Release|x64.ActiveCfg = Release|Any CPU
		{20763D0F-037D-4E9D-A8E7-9D7B28E56805}.Release|x64.Build.0 = Release|Any CPU
		{20763D0F-037D-4E9D-A8E7-9D7B28E56805}.Release|x64.Deploy.0 = Release|Any CPU
		{20763D0F-037D-4E9D-A8E7-9D7B28E56805}.Release|x86.ActiveCfg = Release|Any CPU
		{20763D0F-037D-4E9D-A8E7-9D7B28E56805}.Release|x86.Build.0 = Release|Any CPU
		{20763D0F-037D-4E9D-A8E7-9D7B28E56805}.Release|x86.Deploy.0 = Release|Any CPU
		{66829520-ED76-47A1-A982-5ADAFD0994D5}.Ad-Hoc|Any CPU.ActiveCfg = Release|Any CPU
		{66829520-ED76-47A1-A982-5ADAFD0994D5}.Ad-Hoc|Any CPU.Build.0 = Release|Any CPU
		{66829520-ED76-47A1-A982-5ADAFD0994D5}.Ad-Hoc|ARM.ActiveCfg = Release|Any CPU
		{66829520-ED76-47A1-A982-5ADAFD0994D5}.Ad-Hoc|ARM.Build.0 = Release|Any CPU
		{66829520-ED76-47A1-A982-5ADAFD0994D5}.Ad-Hoc|iPhone.ActiveCfg = Release|Any CPU
		{66829520-ED76-47A1-A982-5ADAFD0994D5}.Ad-Hoc|iPhone.Build.0 = Release|Any CPU
		{66829520-ED76-47A1-A982-5ADAFD0994D5}.Ad-Hoc|iPhoneSimulator.ActiveCfg = Release|Any CPU
		{66829520-ED76-47A1-A982-5ADAFD0994D5}.Ad-Hoc|iPhoneSimulator.Build.0 = Release|Any CPU
		{66829520-ED76-47A1-A982-5ADAFD0994D5}.Ad-Hoc|x64.ActiveCfg = Release|Any CPU
		{66829520-ED76-47A1-A982-5ADAFD0994D5}.Ad-Hoc|x64.Build.0 = Release|Any CPU
		{66829520-ED76-47A1-A982-5ADAFD0994D5}.Ad-Hoc|x86.ActiveCfg = Release|Any CPU
		{66829520-ED76-47A1-A982-5ADAFD0994D5}.Ad-Hoc|x86.Build.0 = Release|Any CPU
		{66829520-ED76-47A1-A982-5ADAFD0994D5}.AppStore|Any CPU.ActiveCfg = Release|Any CPU
		{66829520-ED76-47A1-A982-5ADAFD0994D5}.AppStore|Any CPU.Build.0 = Release|Any CPU
		{66829520-ED76-47A1-A982-5ADAFD0994D5}.AppStore|ARM.ActiveCfg = Release|Any CPU
		{66829520-ED76-47A1-A982-5ADAFD0994D5}.AppStore|ARM.Build.0 = Release|Any CPU
		{66829520-ED76-47A1-A982-5ADAFD0994D5}.AppStore|iPhone.ActiveCfg = Release|Any CPU
		{66829520-ED76-47A1-A982-5ADAFD0994D5}.AppStore|iPhone.Build.0 = Release|Any CPU
		{66829520-ED76-47A1-A982-5ADAFD0994D5}.AppStore|iPhoneSimulator.ActiveCfg = Release|Any CPU
		{66829520-ED76-47A1-A982-5ADAFD0994D5}.AppStore|iPhoneSimulator.Build.0 = Release|Any CPU
		{66829520-ED76-47A1-A982-5ADAFD0994D5}.AppStore|x64.ActiveCfg = Release|Any CPU
		{66829520-ED76-47A1-A982-5ADAFD0994D5}.AppStore|x64.Build.0 = Release|Any CPU
		{66829520-ED76-47A1-A982-5ADAFD0994D5}.AppStore|x86.ActiveCfg = Release|Any CPU
		{66829520-ED76-47A1-A982-5ADAFD0994D5}.AppStore|x86.Build.0 = Release|Any CPU
		{66829520-ED76-47A1-A982-5ADAFD0994D5}.Debug|Any CPU.ActiveCfg = Debug|Any CPU
		{66829520-ED76-47A1-A982-5ADAFD0994D5}.Debug|Any CPU.Build.0 = Debug|Any CPU
		{66829520-ED76-47A1-A982-5ADAFD0994D5}.Debug|ARM.ActiveCfg = Debug|Any CPU
		{66829520-ED76-47A1-A982-5ADAFD0994D5}.Debug|ARM.Build.0 = Debug|Any CPU
		{66829520-ED76-47A1-A982-5ADAFD0994D5}.Debug|iPhone.ActiveCfg = Debug|Any CPU
		{66829520-ED76-47A1-A982-5ADAFD0994D5}.Debug|iPhone.Build.0 = Debug|Any CPU
		{66829520-ED76-47A1-A982-5ADAFD0994D5}.Debug|iPhoneSimulator.ActiveCfg = Debug|Any CPU
		{66829520-ED76-47A1-A982-5ADAFD0994D5}.Debug|iPhoneSimulator.Build.0 = Debug|Any CPU
		{66829520-ED76-47A1-A982-5ADAFD0994D5}.Debug|x64.ActiveCfg = Debug|Any CPU
		{66829520-ED76-47A1-A982-5ADAFD0994D5}.Debug|x64.Build.0 = Debug|Any CPU
		{66829520-ED76-47A1-A982-5ADAFD0994D5}.Debug|x86.ActiveCfg = Debug|Any CPU
		{66829520-ED76-47A1-A982-5ADAFD0994D5}.Debug|x86.Build.0 = Debug|Any CPU
		{66829520-ED76-47A1-A982-5ADAFD0994D5}.Release|Any CPU.ActiveCfg = Release|Any CPU
		{66829520-ED76-47A1-A982-5ADAFD0994D5}.Release|ARM.ActiveCfg = Release|Any CPU
		{66829520-ED76-47A1-A982-5ADAFD0994D5}.Release|ARM.Build.0 = Release|Any CPU
		{66829520-ED76-47A1-A982-5ADAFD0994D5}.Release|iPhone.ActiveCfg = Release|Any CPU
		{66829520-ED76-47A1-A982-5ADAFD0994D5}.Release|iPhone.Build.0 = Release|Any CPU
		{66829520-ED76-47A1-A982-5ADAFD0994D5}.Release|iPhoneSimulator.ActiveCfg = Release|Any CPU
		{66829520-ED76-47A1-A982-5ADAFD0994D5}.Release|iPhoneSimulator.Build.0 = Release|Any CPU
		{66829520-ED76-47A1-A982-5ADAFD0994D5}.Release|x64.ActiveCfg = Release|Any CPU
		{66829520-ED76-47A1-A982-5ADAFD0994D5}.Release|x64.Build.0 = Release|Any CPU
		{66829520-ED76-47A1-A982-5ADAFD0994D5}.Release|x86.ActiveCfg = Release|Any CPU
		{66829520-ED76-47A1-A982-5ADAFD0994D5}.Release|x86.Build.0 = Release|Any CPU
		{A6E12DCE-2ED5-4AD1-8BFC-0190A3C08F67}.Ad-Hoc|Any CPU.ActiveCfg = Ad-Hoc|iPhone
		{A6E12DCE-2ED5-4AD1-8BFC-0190A3C08F67}.Ad-Hoc|ARM.ActiveCfg = Ad-Hoc|iPhone
		{A6E12DCE-2ED5-4AD1-8BFC-0190A3C08F67}.Ad-Hoc|iPhone.ActiveCfg = Ad-Hoc|iPhone
		{A6E12DCE-2ED5-4AD1-8BFC-0190A3C08F67}.Ad-Hoc|iPhone.Build.0 = Ad-Hoc|iPhone
		{A6E12DCE-2ED5-4AD1-8BFC-0190A3C08F67}.Ad-Hoc|iPhoneSimulator.ActiveCfg = Ad-Hoc|iPhoneSimulator
		{A6E12DCE-2ED5-4AD1-8BFC-0190A3C08F67}.Ad-Hoc|iPhoneSimulator.Build.0 = Ad-Hoc|iPhoneSimulator
		{A6E12DCE-2ED5-4AD1-8BFC-0190A3C08F67}.Ad-Hoc|x64.ActiveCfg = Ad-Hoc|iPhone
		{A6E12DCE-2ED5-4AD1-8BFC-0190A3C08F67}.Ad-Hoc|x86.ActiveCfg = Ad-Hoc|iPhone
		{A6E12DCE-2ED5-4AD1-8BFC-0190A3C08F67}.AppStore|Any CPU.ActiveCfg = AppStore|iPhone
		{A6E12DCE-2ED5-4AD1-8BFC-0190A3C08F67}.AppStore|ARM.ActiveCfg = AppStore|iPhone
		{A6E12DCE-2ED5-4AD1-8BFC-0190A3C08F67}.AppStore|iPhone.ActiveCfg = AppStore|iPhone
		{A6E12DCE-2ED5-4AD1-8BFC-0190A3C08F67}.AppStore|iPhone.Build.0 = AppStore|iPhone
		{A6E12DCE-2ED5-4AD1-8BFC-0190A3C08F67}.AppStore|iPhoneSimulator.ActiveCfg = AppStore|iPhoneSimulator
		{A6E12DCE-2ED5-4AD1-8BFC-0190A3C08F67}.AppStore|iPhoneSimulator.Build.0 = AppStore|iPhoneSimulator
		{A6E12DCE-2ED5-4AD1-8BFC-0190A3C08F67}.AppStore|x64.ActiveCfg = AppStore|iPhone
		{A6E12DCE-2ED5-4AD1-8BFC-0190A3C08F67}.AppStore|x86.ActiveCfg = AppStore|iPhone
		{A6E12DCE-2ED5-4AD1-8BFC-0190A3C08F67}.Debug|Any CPU.ActiveCfg = Debug|iPhoneSimulator
		{A6E12DCE-2ED5-4AD1-8BFC-0190A3C08F67}.Debug|Any CPU.Build.0 = Debug|iPhoneSimulator
		{A6E12DCE-2ED5-4AD1-8BFC-0190A3C08F67}.Debug|ARM.ActiveCfg = Debug|iPhone
		{A6E12DCE-2ED5-4AD1-8BFC-0190A3C08F67}.Debug|iPhone.ActiveCfg = Debug|iPhone
		{A6E12DCE-2ED5-4AD1-8BFC-0190A3C08F67}.Debug|iPhone.Build.0 = Debug|iPhone
		{A6E12DCE-2ED5-4AD1-8BFC-0190A3C08F67}.Debug|iPhoneSimulator.ActiveCfg = Debug|iPhoneSimulator
		{A6E12DCE-2ED5-4AD1-8BFC-0190A3C08F67}.Debug|iPhoneSimulator.Build.0 = Debug|iPhoneSimulator
		{A6E12DCE-2ED5-4AD1-8BFC-0190A3C08F67}.Debug|x64.ActiveCfg = Debug|iPhone
		{A6E12DCE-2ED5-4AD1-8BFC-0190A3C08F67}.Debug|x86.ActiveCfg = Debug|iPhone
		{A6E12DCE-2ED5-4AD1-8BFC-0190A3C08F67}.Release|Any CPU.ActiveCfg = Release|iPhone
		{A6E12DCE-2ED5-4AD1-8BFC-0190A3C08F67}.Release|ARM.ActiveCfg = Release|iPhone
		{A6E12DCE-2ED5-4AD1-8BFC-0190A3C08F67}.Release|iPhone.ActiveCfg = Release|iPhone
		{A6E12DCE-2ED5-4AD1-8BFC-0190A3C08F67}.Release|iPhone.Build.0 = Release|iPhone
		{A6E12DCE-2ED5-4AD1-8BFC-0190A3C08F67}.Release|iPhoneSimulator.ActiveCfg = Release|iPhoneSimulator
		{A6E12DCE-2ED5-4AD1-8BFC-0190A3C08F67}.Release|iPhoneSimulator.Build.0 = Release|iPhoneSimulator
		{A6E12DCE-2ED5-4AD1-8BFC-0190A3C08F67}.Release|x64.ActiveCfg = Release|iPhone
		{A6E12DCE-2ED5-4AD1-8BFC-0190A3C08F67}.Release|x86.ActiveCfg = Release|iPhone
		{C93CEB52-90A6-4F9E-BAAE-DFD47C2AB924}.Ad-Hoc|Any CPU.ActiveCfg = Release|x64
		{C93CEB52-90A6-4F9E-BAAE-DFD47C2AB924}.Ad-Hoc|Any CPU.Build.0 = Release|x64
		{C93CEB52-90A6-4F9E-BAAE-DFD47C2AB924}.Ad-Hoc|Any CPU.Deploy.0 = Release|x64
		{C93CEB52-90A6-4F9E-BAAE-DFD47C2AB924}.Ad-Hoc|ARM.ActiveCfg = Release|ARM
		{C93CEB52-90A6-4F9E-BAAE-DFD47C2AB924}.Ad-Hoc|ARM.Build.0 = Release|ARM
		{C93CEB52-90A6-4F9E-BAAE-DFD47C2AB924}.Ad-Hoc|ARM.Deploy.0 = Release|ARM
		{C93CEB52-90A6-4F9E-BAAE-DFD47C2AB924}.Ad-Hoc|iPhone.ActiveCfg = Release|x64
		{C93CEB52-90A6-4F9E-BAAE-DFD47C2AB924}.Ad-Hoc|iPhone.Build.0 = Release|x64
		{C93CEB52-90A6-4F9E-BAAE-DFD47C2AB924}.Ad-Hoc|iPhone.Deploy.0 = Release|x64
		{C93CEB52-90A6-4F9E-BAAE-DFD47C2AB924}.Ad-Hoc|iPhoneSimulator.ActiveCfg = Release|x64
		{C93CEB52-90A6-4F9E-BAAE-DFD47C2AB924}.Ad-Hoc|iPhoneSimulator.Build.0 = Release|x64
		{C93CEB52-90A6-4F9E-BAAE-DFD47C2AB924}.Ad-Hoc|iPhoneSimulator.Deploy.0 = Release|x64
		{C93CEB52-90A6-4F9E-BAAE-DFD47C2AB924}.Ad-Hoc|x64.ActiveCfg = Release|x64
		{C93CEB52-90A6-4F9E-BAAE-DFD47C2AB924}.Ad-Hoc|x64.Build.0 = Release|x64
		{C93CEB52-90A6-4F9E-BAAE-DFD47C2AB924}.Ad-Hoc|x64.Deploy.0 = Release|x64
		{C93CEB52-90A6-4F9E-BAAE-DFD47C2AB924}.Ad-Hoc|x86.ActiveCfg = Release|x86
		{C93CEB52-90A6-4F9E-BAAE-DFD47C2AB924}.Ad-Hoc|x86.Build.0 = Release|x86
		{C93CEB52-90A6-4F9E-BAAE-DFD47C2AB924}.Ad-Hoc|x86.Deploy.0 = Release|x86
		{C93CEB52-90A6-4F9E-BAAE-DFD47C2AB924}.AppStore|Any CPU.ActiveCfg = Release|x64
		{C93CEB52-90A6-4F9E-BAAE-DFD47C2AB924}.AppStore|Any CPU.Build.0 = Release|x64
		{C93CEB52-90A6-4F9E-BAAE-DFD47C2AB924}.AppStore|Any CPU.Deploy.0 = Release|x64
		{C93CEB52-90A6-4F9E-BAAE-DFD47C2AB924}.AppStore|ARM.ActiveCfg = Release|ARM
		{C93CEB52-90A6-4F9E-BAAE-DFD47C2AB924}.AppStore|ARM.Build.0 = Release|ARM
		{C93CEB52-90A6-4F9E-BAAE-DFD47C2AB924}.AppStore|ARM.Deploy.0 = Release|ARM
		{C93CEB52-90A6-4F9E-BAAE-DFD47C2AB924}.AppStore|iPhone.ActiveCfg = Release|x64
		{C93CEB52-90A6-4F9E-BAAE-DFD47C2AB924}.AppStore|iPhone.Build.0 = Release|x64
		{C93CEB52-90A6-4F9E-BAAE-DFD47C2AB924}.AppStore|iPhone.Deploy.0 = Release|x64
		{C93CEB52-90A6-4F9E-BAAE-DFD47C2AB924}.AppStore|iPhoneSimulator.ActiveCfg = Release|x64
		{C93CEB52-90A6-4F9E-BAAE-DFD47C2AB924}.AppStore|iPhoneSimulator.Build.0 = Release|x64
		{C93CEB52-90A6-4F9E-BAAE-DFD47C2AB924}.AppStore|iPhoneSimulator.Deploy.0 = Release|x64
		{C93CEB52-90A6-4F9E-BAAE-DFD47C2AB924}.AppStore|x64.ActiveCfg = Release|x64
		{C93CEB52-90A6-4F9E-BAAE-DFD47C2AB924}.AppStore|x64.Build.0 = Release|x64
		{C93CEB52-90A6-4F9E-BAAE-DFD47C2AB924}.AppStore|x64.Deploy.0 = Release|x64
		{C93CEB52-90A6-4F9E-BAAE-DFD47C2AB924}.AppStore|x86.ActiveCfg = Release|x86
		{C93CEB52-90A6-4F9E-BAAE-DFD47C2AB924}.AppStore|x86.Build.0 = Release|x86
		{C93CEB52-90A6-4F9E-BAAE-DFD47C2AB924}.AppStore|x86.Deploy.0 = Release|x86
		{C93CEB52-90A6-4F9E-BAAE-DFD47C2AB924}.Debug|Any CPU.ActiveCfg = Debug|x86
		{C93CEB52-90A6-4F9E-BAAE-DFD47C2AB924}.Debug|ARM.ActiveCfg = Debug|ARM
		{C93CEB52-90A6-4F9E-BAAE-DFD47C2AB924}.Debug|ARM.Build.0 = Debug|ARM
		{C93CEB52-90A6-4F9E-BAAE-DFD47C2AB924}.Debug|ARM.Deploy.0 = Debug|ARM
		{C93CEB52-90A6-4F9E-BAAE-DFD47C2AB924}.Debug|iPhone.ActiveCfg = Debug|x86
		{C93CEB52-90A6-4F9E-BAAE-DFD47C2AB924}.Debug|iPhoneSimulator.ActiveCfg = Debug|x86
		{C93CEB52-90A6-4F9E-BAAE-DFD47C2AB924}.Debug|x64.ActiveCfg = Debug|x64
		{C93CEB52-90A6-4F9E-BAAE-DFD47C2AB924}.Debug|x64.Build.0 = Debug|x64
		{C93CEB52-90A6-4F9E-BAAE-DFD47C2AB924}.Debug|x64.Deploy.0 = Debug|x64
		{C93CEB52-90A6-4F9E-BAAE-DFD47C2AB924}.Debug|x86.ActiveCfg = Debug|x86
		{C93CEB52-90A6-4F9E-BAAE-DFD47C2AB924}.Debug|x86.Build.0 = Debug|x86
		{C93CEB52-90A6-4F9E-BAAE-DFD47C2AB924}.Debug|x86.Deploy.0 = Debug|x86
		{C93CEB52-90A6-4F9E-BAAE-DFD47C2AB924}.Release|Any CPU.ActiveCfg = Release|x86
		{C93CEB52-90A6-4F9E-BAAE-DFD47C2AB924}.Release|ARM.ActiveCfg = Release|ARM
		{C93CEB52-90A6-4F9E-BAAE-DFD47C2AB924}.Release|ARM.Build.0 = Release|ARM
		{C93CEB52-90A6-4F9E-BAAE-DFD47C2AB924}.Release|ARM.Deploy.0 = Release|ARM
		{C93CEB52-90A6-4F9E-BAAE-DFD47C2AB924}.Release|iPhone.ActiveCfg = Release|x86
		{C93CEB52-90A6-4F9E-BAAE-DFD47C2AB924}.Release|iPhoneSimulator.ActiveCfg = Release|x86
		{C93CEB52-90A6-4F9E-BAAE-DFD47C2AB924}.Release|x64.ActiveCfg = Release|x64
		{C93CEB52-90A6-4F9E-BAAE-DFD47C2AB924}.Release|x64.Build.0 = Release|x64
		{C93CEB52-90A6-4F9E-BAAE-DFD47C2AB924}.Release|x64.Deploy.0 = Release|x64
		{C93CEB52-90A6-4F9E-BAAE-DFD47C2AB924}.Release|x86.ActiveCfg = Release|x86
		{C93CEB52-90A6-4F9E-BAAE-DFD47C2AB924}.Release|x86.Build.0 = Release|x86
		{C93CEB52-90A6-4F9E-BAAE-DFD47C2AB924}.Release|x86.Deploy.0 = Release|x86
		{AF6E5FC1-FF41-4C31-BAEB-98F84064544C}.Ad-Hoc|Any CPU.ActiveCfg = Release|Any CPU
		{AF6E5FC1-FF41-4C31-BAEB-98F84064544C}.Ad-Hoc|Any CPU.Build.0 = Release|Any CPU
		{AF6E5FC1-FF41-4C31-BAEB-98F84064544C}.Ad-Hoc|ARM.ActiveCfg = Release|Any CPU
		{AF6E5FC1-FF41-4C31-BAEB-98F84064544C}.Ad-Hoc|ARM.Build.0 = Release|Any CPU
		{AF6E5FC1-FF41-4C31-BAEB-98F84064544C}.Ad-Hoc|iPhone.ActiveCfg = Release|Any CPU
		{AF6E5FC1-FF41-4C31-BAEB-98F84064544C}.Ad-Hoc|iPhone.Build.0 = Release|Any CPU
		{AF6E5FC1-FF41-4C31-BAEB-98F84064544C}.Ad-Hoc|iPhoneSimulator.ActiveCfg = Release|Any CPU
		{AF6E5FC1-FF41-4C31-BAEB-98F84064544C}.Ad-Hoc|iPhoneSimulator.Build.0 = Release|Any CPU
		{AF6E5FC1-FF41-4C31-BAEB-98F84064544C}.Ad-Hoc|x64.ActiveCfg = Release|Any CPU
		{AF6E5FC1-FF41-4C31-BAEB-98F84064544C}.Ad-Hoc|x64.Build.0 = Release|Any CPU
		{AF6E5FC1-FF41-4C31-BAEB-98F84064544C}.Ad-Hoc|x86.ActiveCfg = Release|Any CPU
		{AF6E5FC1-FF41-4C31-BAEB-98F84064544C}.Ad-Hoc|x86.Build.0 = Release|Any CPU
		{AF6E5FC1-FF41-4C31-BAEB-98F84064544C}.AppStore|Any CPU.ActiveCfg = Release|Any CPU
		{AF6E5FC1-FF41-4C31-BAEB-98F84064544C}.AppStore|Any CPU.Build.0 = Release|Any CPU
		{AF6E5FC1-FF41-4C31-BAEB-98F84064544C}.AppStore|ARM.ActiveCfg = Release|Any CPU
		{AF6E5FC1-FF41-4C31-BAEB-98F84064544C}.AppStore|ARM.Build.0 = Release|Any CPU
		{AF6E5FC1-FF41-4C31-BAEB-98F84064544C}.AppStore|iPhone.ActiveCfg = Release|Any CPU
		{AF6E5FC1-FF41-4C31-BAEB-98F84064544C}.AppStore|iPhone.Build.0 = Release|Any CPU
		{AF6E5FC1-FF41-4C31-BAEB-98F84064544C}.AppStore|iPhoneSimulator.ActiveCfg = Release|Any CPU
		{AF6E5FC1-FF41-4C31-BAEB-98F84064544C}.AppStore|iPhoneSimulator.Build.0 = Release|Any CPU
		{AF6E5FC1-FF41-4C31-BAEB-98F84064544C}.AppStore|x64.ActiveCfg = Release|Any CPU
		{AF6E5FC1-FF41-4C31-BAEB-98F84064544C}.AppStore|x64.Build.0 = Release|Any CPU
		{AF6E5FC1-FF41-4C31-BAEB-98F84064544C}.AppStore|x86.ActiveCfg = Release|Any CPU
		{AF6E5FC1-FF41-4C31-BAEB-98F84064544C}.AppStore|x86.Build.0 = Release|Any CPU
		{AF6E5FC1-FF41-4C31-BAEB-98F84064544C}.Debug|Any CPU.ActiveCfg = Debug|Any CPU
		{AF6E5FC1-FF41-4C31-BAEB-98F84064544C}.Debug|Any CPU.Build.0 = Debug|Any CPU
		{AF6E5FC1-FF41-4C31-BAEB-98F84064544C}.Debug|ARM.ActiveCfg = Debug|Any CPU
		{AF6E5FC1-FF41-4C31-BAEB-98F84064544C}.Debug|ARM.Build.0 = Debug|Any CPU
		{AF6E5FC1-FF41-4C31-BAEB-98F84064544C}.Debug|iPhone.ActiveCfg = Debug|Any CPU
		{AF6E5FC1-FF41-4C31-BAEB-98F84064544C}.Debug|iPhone.Build.0 = Debug|Any CPU
		{AF6E5FC1-FF41-4C31-BAEB-98F84064544C}.Debug|iPhoneSimulator.ActiveCfg = Debug|Any CPU
		{AF6E5FC1-FF41-4C31-BAEB-98F84064544C}.Debug|iPhoneSimulator.Build.0 = Debug|Any CPU
		{AF6E5FC1-FF41-4C31-BAEB-98F84064544C}.Debug|x64.ActiveCfg = Debug|Any CPU
		{AF6E5FC1-FF41-4C31-BAEB-98F84064544C}.Debug|x64.Build.0 = Debug|Any CPU
		{AF6E5FC1-FF41-4C31-BAEB-98F84064544C}.Debug|x86.ActiveCfg = Debug|Any CPU
		{AF6E5FC1-FF41-4C31-BAEB-98F84064544C}.Debug|x86.Build.0 = Debug|Any CPU
		{AF6E5FC1-FF41-4C31-BAEB-98F84064544C}.Release|Any CPU.ActiveCfg = Release|Any CPU
		{AF6E5FC1-FF41-4C31-BAEB-98F84064544C}.Release|Any CPU.Build.0 = Release|Any CPU
		{AF6E5FC1-FF41-4C31-BAEB-98F84064544C}.Release|ARM.ActiveCfg = Release|Any CPU
		{AF6E5FC1-FF41-4C31-BAEB-98F84064544C}.Release|ARM.Build.0 = Release|Any CPU
		{AF6E5FC1-FF41-4C31-BAEB-98F84064544C}.Release|iPhone.ActiveCfg = Release|Any CPU
		{AF6E5FC1-FF41-4C31-BAEB-98F84064544C}.Release|iPhone.Build.0 = Release|Any CPU
		{AF6E5FC1-FF41-4C31-BAEB-98F84064544C}.Release|iPhoneSimulator.ActiveCfg = Release|Any CPU
		{AF6E5FC1-FF41-4C31-BAEB-98F84064544C}.Release|iPhoneSimulator.Build.0 = Release|Any CPU
		{AF6E5FC1-FF41-4C31-BAEB-98F84064544C}.Release|x64.ActiveCfg = Release|Any CPU
		{AF6E5FC1-FF41-4C31-BAEB-98F84064544C}.Release|x64.Build.0 = Release|Any CPU
		{AF6E5FC1-FF41-4C31-BAEB-98F84064544C}.Release|x86.ActiveCfg = Release|Any CPU
		{AF6E5FC1-FF41-4C31-BAEB-98F84064544C}.Release|x86.Build.0 = Release|Any CPU
	EndGlobalSection
	GlobalSection(SolutionProperties) = preSolution
		HideSolutionNode = FALSE
	EndGlobalSection
	GlobalSection(ExtensibilityGlobals) = postSolution
		SolutionGuid = {F5399188-2304-4703-A27B-E19C3C4F7F2B}
	EndGlobalSection
EndGlobal
