
Microsoft Visual Studio Solution File, Format Version 12.00
# Visual Studio 15
VisualStudioVersion = 15.0.26730.12
MinimumVisualStudioVersion = 10.0.40219.1
Project("{FAE04EC0-301F-11D3-BF4B-00C04F79EFBC}") = "MCAPP_CROSS.Droid", "MCAPP_CROSS.Droid\MCAPP_CROSS.Droid.csproj", "{8B0B15C3-64FB-4F1E-8C73-E57067B37A7B}"
EndProject
Project("{9A19103F-16F7-4668-BE54-9A1E7A4F7556}") = "MCAPP_CROSS.Core", "MCAPP_CROSS.Core\MCAPP_CROSS.Core.csproj", "{5B7F280D-1B25-45D6-AB65-A2D1735A7F24}"
EndProject
Project("{FAE04EC0-301F-11D3-BF4B-00C04F79EFBC}") = "MCAPP_CROSS.iOS", "MCAPP_CROSS.iOS\MCAPP_CROSS.iOS.csproj", "{B02E8BDC-8C24-45EA-B360-8BC197D0343C}"
EndProject
Project("{FAE04EC0-301F-11D3-BF4B-00C04F79EFBC}") = "MCAPP_CROSS.UWP", "MCAPP_CROSS.UWP\MCAPP_CROSS.UWP.csproj", "{C50F81A7-C845-4E2F-88F3-9771D522B6AF}"
EndProject
Project("{FAE04EC0-301F-11D3-BF4B-00C04F79EFBC}") = "MCAPP_CROSS.WPF", "MCAPP_CROSS.WPF\MCAPP_CROSS.WPF.csproj", "{3594743A-C6A5-4CDA-8C11-644888A6DBB5}"
EndProject
Global
	GlobalSection(SolutionConfigurationPlatforms) = preSolution
		Ad-Hoc|Any CPU = Ad-Hoc|Any CPU
		Ad-Hoc|ARM = Ad-Hoc|ARM
		Ad-Hoc|iPhone = Ad-Hoc|iPhone
		Ad-Hoc|iPhoneSimulator = Ad-Hoc|iPhoneSimulator
		Ad-Hoc|x64 = Ad-Hoc|x64
		Ad-Hoc|x86 = Ad-Hoc|x86
		AppStore|Any CPU = AppStore|Any CPU
		AppStore|ARM = AppStore|ARM
		AppStore|iPhone = AppStore|iPhone
		AppStore|iPhoneSimulator = AppStore|iPhoneSimulator
		AppStore|x64 = AppStore|x64
		AppStore|x86 = AppStore|x86
		Debug|Any CPU = Debug|Any CPU
		Debug|ARM = Debug|ARM
		Debug|iPhone = Debug|iPhone
		Debug|iPhoneSimulator = Debug|iPhoneSimulator
		Debug|x64 = Debug|x64
		Debug|x86 = Debug|x86
		Release|Any CPU = Release|Any CPU
		Release|ARM = Release|ARM
		Release|iPhone = Release|iPhone
		Release|iPhoneSimulator = Release|iPhoneSimulator
		Release|x64 = Release|x64
		Release|x86 = Release|x86
	EndGlobalSection
	GlobalSection(ProjectConfigurationPlatforms) = postSolution
		{8B0B15C3-64FB-4F1E-8C73-E57067B37A7B}.Ad-Hoc|Any CPU.ActiveCfg = Release|Any CPU
		{8B0B15C3-64FB-4F1E-8C73-E57067B37A7B}.Ad-Hoc|Any CPU.Build.0 = Release|Any CPU
		{8B0B15C3-64FB-4F1E-8C73-E57067B37A7B}.Ad-Hoc|Any CPU.Deploy.0 = Release|Any CPU
		{8B0B15C3-64FB-4F1E-8C73-E57067B37A7B}.Ad-Hoc|ARM.ActiveCfg = Release|Any CPU
		{8B0B15C3-64FB-4F1E-8C73-E57067B37A7B}.Ad-Hoc|ARM.Build.0 = Release|Any CPU
		{8B0B15C3-64FB-4F1E-8C73-E57067B37A7B}.Ad-Hoc|ARM.Deploy.0 = Release|Any CPU
		{8B0B15C3-64FB-4F1E-8C73-E57067B37A7B}.Ad-Hoc|iPhone.ActiveCfg = Release|Any CPU
		{8B0B15C3-64FB-4F1E-8C73-E57067B37A7B}.Ad-Hoc|iPhone.Build.0 = Release|Any CPU
		{8B0B15C3-64FB-4F1E-8C73-E57067B37A7B}.Ad-Hoc|iPhone.Deploy.0 = Release|Any CPU
		{8B0B15C3-64FB-4F1E-8C73-E57067B37A7B}.Ad-Hoc|iPhoneSimulator.ActiveCfg = Release|Any CPU
		{8B0B15C3-64FB-4F1E-8C73-E57067B37A7B}.Ad-Hoc|iPhoneSimulator.Build.0 = Release|Any CPU
		{8B0B15C3-64FB-4F1E-8C73-E57067B37A7B}.Ad-Hoc|iPhoneSimulator.Deploy.0 = Release|Any CPU
		{8B0B15C3-64FB-4F1E-8C73-E57067B37A7B}.Ad-Hoc|x64.ActiveCfg = Release|Any CPU
		{8B0B15C3-64FB-4F1E-8C73-E57067B37A7B}.Ad-Hoc|x64.Build.0 = Release|Any CPU
		{8B0B15C3-64FB-4F1E-8C73-E57067B37A7B}.Ad-Hoc|x64.Deploy.0 = Release|Any CPU
		{8B0B15C3-64FB-4F1E-8C73-E57067B37A7B}.Ad-Hoc|x86.ActiveCfg = Release|Any CPU
		{8B0B15C3-64FB-4F1E-8C73-E57067B37A7B}.Ad-Hoc|x86.Build.0 = Release|Any CPU
		{8B0B15C3-64FB-4F1E-8C73-E57067B37A7B}.Ad-Hoc|x86.Deploy.0 = Release|Any CPU
		{8B0B15C3-64FB-4F1E-8C73-E57067B37A7B}.AppStore|Any CPU.ActiveCfg = Release|Any CPU
		{8B0B15C3-64FB-4F1E-8C73-E57067B37A7B}.AppStore|Any CPU.Build.0 = Release|Any CPU
		{8B0B15C3-64FB-4F1E-8C73-E57067B37A7B}.AppStore|Any CPU.Deploy.0 = Release|Any CPU
		{8B0B15C3-64FB-4F1E-8C73-E57067B37A7B}.AppStore|ARM.ActiveCfg = Release|Any CPU
		{8B0B15C3-64FB-4F1E-8C73-E57067B37A7B}.AppStore|ARM.Build.0 = Release|Any CPU
		{8B0B15C3-64FB-4F1E-8C73-E57067B37A7B}.AppStore|ARM.Deploy.0 = Release|Any CPU
		{8B0B15C3-64FB-4F1E-8C73-E57067B37A7B}.AppStore|iPhone.ActiveCfg = Release|Any CPU
		{8B0B15C3-64FB-4F1E-8C73-E57067B37A7B}.AppStore|iPhone.Build.0 = Release|Any CPU
		{8B0B15C3-64FB-4F1E-8C73-E57067B37A7B}.AppStore|iPhone.Deploy.0 = Release|Any CPU
		{8B0B15C3-64FB-4F1E-8C73-E57067B37A7B}.AppStore|iPhoneSimulator.ActiveCfg = Release|Any CPU
		{8B0B15C3-64FB-4F1E-8C73-E57067B37A7B}.AppStore|iPhoneSimulator.Build.0 = Release|Any CPU
		{8B0B15C3-64FB-4F1E-8C73-E57067B37A7B}.AppStore|iPhoneSimulator.Deploy.0 = Release|Any CPU
		{8B0B15C3-64FB-4F1E-8C73-E57067B37A7B}.AppStore|x64.ActiveCfg = Release|Any CPU
		{8B0B15C3-64FB-4F1E-8C73-E57067B37A7B}.AppStore|x64.Build.0 = Release|Any CPU
		{8B0B15C3-64FB-4F1E-8C73-E57067B37A7B}.AppStore|x64.Deploy.0 = Release|Any CPU
		{8B0B15C3-64FB-4F1E-8C73-E57067B37A7B}.AppStore|x86.ActiveCfg = Release|Any CPU
		{8B0B15C3-64FB-4F1E-8C73-E57067B37A7B}.AppStore|x86.Build.0 = Release|Any CPU
		{8B0B15C3-64FB-4F1E-8C73-E57067B37A7B}.AppStore|x86.Deploy.0 = Release|Any CPU
		{8B0B15C3-64FB-4F1E-8C73-E57067B37A7B}.Debug|Any CPU.ActiveCfg = Debug|Any CPU
		{8B0B15C3-64FB-4F1E-8C73-E57067B37A7B}.Debug|Any CPU.Build.0 = Debug|Any CPU
		{8B0B15C3-64FB-4F1E-8C73-E57067B37A7B}.Debug|ARM.ActiveCfg = Debug|Any CPU
		{8B0B15C3-64FB-4F1E-8C73-E57067B37A7B}.Debug|ARM.Build.0 = Debug|Any CPU
		{8B0B15C3-64FB-4F1E-8C73-E57067B37A7B}.Debug|ARM.Deploy.0 = Debug|Any CPU
		{8B0B15C3-64FB-4F1E-8C73-E57067B37A7B}.Debug|iPhone.ActiveCfg = Debug|Any CPU
		{8B0B15C3-64FB-4F1E-8C73-E57067B37A7B}.Debug|iPhone.Build.0 = Debug|Any CPU
		{8B0B15C3-64FB-4F1E-8C73-E57067B37A7B}.Debug|iPhone.Deploy.0 = Debug|Any CPU
		{8B0B15C3-64FB-4F1E-8C73-E57067B37A7B}.Debug|iPhoneSimulator.ActiveCfg = Debug|Any CPU
		{8B0B15C3-64FB-4F1E-8C73-E57067B37A7B}.Debug|iPhoneSimulator.Build.0 = Debug|Any CPU
		{8B0B15C3-64FB-4F1E-8C73-E57067B37A7B}.Debug|iPhoneSimulator.Deploy.0 = Debug|Any CPU
		{8B0B15C3-64FB-4F1E-8C73-E57067B37A7B}.Debug|x64.ActiveCfg = Debug|Any CPU
		{8B0B15C3-64FB-4F1E-8C73-E57067B37A7B}.Debug|x64.Build.0 = Debug|Any CPU
		{8B0B15C3-64FB-4F1E-8C73-E57067B37A7B}.Debug|x64.Deploy.0 = Debug|Any CPU
		{8B0B15C3-64FB-4F1E-8C73-E57067B37A7B}.Debug|x86.ActiveCfg = Debug|Any CPU
		{8B0B15C3-64FB-4F1E-8C73-E57067B37A7B}.Debug|x86.Build.0 = Debug|Any CPU
		{8B0B15C3-64FB-4F1E-8C73-E57067B37A7B}.Debug|x86.Deploy.0 = Debug|Any CPU
		{8B0B15C3-64FB-4F1E-8C73-E57067B37A7B}.Release|Any CPU.ActiveCfg = Release|Any CPU
		{8B0B15C3-64FB-4F1E-8C73-E57067B37A7B}.Release|ARM.ActiveCfg = Release|Any CPU
		{8B0B15C3-64FB-4F1E-8C73-E57067B37A7B}.Release|ARM.Build.0 = Release|Any CPU
		{8B0B15C3-64FB-4F1E-8C73-E57067B37A7B}.Release|ARM.Deploy.0 = Release|Any CPU
		{8B0B15C3-64FB-4F1E-8C73-E57067B37A7B}.Release|iPhone.ActiveCfg = Release|Any CPU
		{8B0B15C3-64FB-4F1E-8C73-E57067B37A7B}.Release|iPhone.Build.0 = Release|Any CPU
		{8B0B15C3-64FB-4F1E-8C73-E57067B37A7B}.Release|iPhone.Deploy.0 = Release|Any CPU
		{8B0B15C3-64FB-4F1E-8C73-E57067B37A7B}.Release|iPhoneSimulator.ActiveCfg = Release|Any CPU
		{8B0B15C3-64FB-4F1E-8C73-E57067B37A7B}.Release|iPhoneSimulator.Build.0 = Release|Any CPU
		{8B0B15C3-64FB-4F1E-8C73-E57067B37A7B}.Release|iPhoneSimulator.Deploy.0 = Release|Any CPU
		{8B0B15C3-64FB-4F1E-8C73-E57067B37A7B}.Release|x64.ActiveCfg = Release|Any CPU
		{8B0B15C3-64FB-4F1E-8C73-E57067B37A7B}.Release|x64.Build.0 = Release|Any CPU
		{8B0B15C3-64FB-4F1E-8C73-E57067B37A7B}.Release|x64.Deploy.0 = Release|Any CPU
		{8B0B15C3-64FB-4F1E-8C73-E57067B37A7B}.Release|x86.ActiveCfg = Release|Any CPU
		{8B0B15C3-64FB-4F1E-8C73-E57067B37A7B}.Release|x86.Build.0 = Release|Any CPU
		{8B0B15C3-64FB-4F1E-8C73-E57067B37A7B}.Release|x86.Deploy.0 = Release|Any CPU
		{5B7F280D-1B25-45D6-AB65-A2D1735A7F24}.Ad-Hoc|Any CPU.ActiveCfg = Release|Any CPU
		{5B7F280D-1B25-45D6-AB65-A2D1735A7F24}.Ad-Hoc|Any CPU.Build.0 = Release|Any CPU
		{5B7F280D-1B25-45D6-AB65-A2D1735A7F24}.Ad-Hoc|ARM.ActiveCfg = Release|Any CPU
		{5B7F280D-1B25-45D6-AB65-A2D1735A7F24}.Ad-Hoc|ARM.Build.0 = Release|Any CPU
		{5B7F280D-1B25-45D6-AB65-A2D1735A7F24}.Ad-Hoc|iPhone.ActiveCfg = Release|Any CPU
		{5B7F280D-1B25-45D6-AB65-A2D1735A7F24}.Ad-Hoc|iPhone.Build.0 = Release|Any CPU
		{5B7F280D-1B25-45D6-AB65-A2D1735A7F24}.Ad-Hoc|iPhoneSimulator.ActiveCfg = Release|Any CPU
		{5B7F280D-1B25-45D6-AB65-A2D1735A7F24}.Ad-Hoc|iPhoneSimulator.Build.0 = Release|Any CPU
		{5B7F280D-1B25-45D6-AB65-A2D1735A7F24}.Ad-Hoc|x64.ActiveCfg = Release|Any CPU
		{5B7F280D-1B25-45D6-AB65-A2D1735A7F24}.Ad-Hoc|x64.Build.0 = Release|Any CPU
		{5B7F280D-1B25-45D6-AB65-A2D1735A7F24}.Ad-Hoc|x86.ActiveCfg = Release|Any CPU
		{5B7F280D-1B25-45D6-AB65-A2D1735A7F24}.Ad-Hoc|x86.Build.0 = Release|Any CPU
		{5B7F280D-1B25-45D6-AB65-A2D1735A7F24}.AppStore|Any CPU.ActiveCfg = Release|Any CPU
		{5B7F280D-1B25-45D6-AB65-A2D1735A7F24}.AppStore|Any CPU.Build.0 = Release|Any CPU
		{5B7F280D-1B25-45D6-AB65-A2D1735A7F24}.AppStore|ARM.ActiveCfg = Release|Any CPU
		{5B7F280D-1B25-45D6-AB65-A2D1735A7F24}.AppStore|ARM.Build.0 = Release|Any CPU
		{5B7F280D-1B25-45D6-AB65-A2D1735A7F24}.AppStore|iPhone.ActiveCfg = Release|Any CPU
		{5B7F280D-1B25-45D6-AB65-A2D1735A7F24}.AppStore|iPhone.Build.0 = Release|Any CPU
		{5B7F280D-1B25-45D6-AB65-A2D1735A7F24}.AppStore|iPhoneSimulator.ActiveCfg = Release|Any CPU
		{5B7F280D-1B25-45D6-AB65-A2D1735A7F24}.AppStore|iPhoneSimulator.Build.0 = Release|Any CPU
		{5B7F280D-1B25-45D6-AB65-A2D1735A7F24}.AppStore|x64.ActiveCfg = Release|Any CPU
		{5B7F280D-1B25-45D6-AB65-A2D1735A7F24}.AppStore|x64.Build.0 = Release|Any CPU
		{5B7F280D-1B25-45D6-AB65-A2D1735A7F24}.AppStore|x86.ActiveCfg = Release|Any CPU
		{5B7F280D-1B25-45D6-AB65-A2D1735A7F24}.AppStore|x86.Build.0 = Release|Any CPU
		{5B7F280D-1B25-45D6-AB65-A2D1735A7F24}.Debug|Any CPU.ActiveCfg = Debug|Any CPU
		{5B7F280D-1B25-45D6-AB65-A2D1735A7F24}.Debug|Any CPU.Build.0 = Debug|Any CPU
		{5B7F280D-1B25-45D6-AB65-A2D1735A7F24}.Debug|ARM.ActiveCfg = Debug|Any CPU
		{5B7F280D-1B25-45D6-AB65-A2D1735A7F24}.Debug|ARM.Build.0 = Debug|Any CPU
		{5B7F280D-1B25-45D6-AB65-A2D1735A7F24}.Debug|iPhone.ActiveCfg = Debug|Any CPU
		{5B7F280D-1B25-45D6-AB65-A2D1735A7F24}.Debug|iPhone.Build.0 = Debug|Any CPU
		{5B7F280D-1B25-45D6-AB65-A2D1735A7F24}.Debug|iPhoneSimulator.ActiveCfg = Debug|Any CPU
		{5B7F280D-1B25-45D6-AB65-A2D1735A7F24}.Debug|iPhoneSimulator.Build.0 = Debug|Any CPU
		{5B7F280D-1B25-45D6-AB65-A2D1735A7F24}.Debug|x64.ActiveCfg = Debug|Any CPU
		{5B7F280D-1B25-45D6-AB65-A2D1735A7F24}.Debug|x64.Build.0 = Debug|Any CPU
		{5B7F280D-1B25-45D6-AB65-A2D1735A7F24}.Debug|x86.ActiveCfg = Debug|Any CPU
		{5B7F280D-1B25-45D6-AB65-A2D1735A7F24}.Debug|x86.Build.0 = Debug|Any CPU
		{5B7F280D-1B25-45D6-AB65-A2D1735A7F24}.Release|Any CPU.ActiveCfg = Release|Any CPU
		{5B7F280D-1B25-45D6-AB65-A2D1735A7F24}.Release|ARM.ActiveCfg = Release|Any CPU
		{5B7F280D-1B25-45D6-AB65-A2D1735A7F24}.Release|ARM.Build.0 = Release|Any CPU
		{5B7F280D-1B25-45D6-AB65-A2D1735A7F24}.Release|iPhone.ActiveCfg = Release|Any CPU
		{5B7F280D-1B25-45D6-AB65-A2D1735A7F24}.Release|iPhone.Build.0 = Release|Any CPU
		{5B7F280D-1B25-45D6-AB65-A2D1735A7F24}.Release|iPhoneSimulator.ActiveCfg = Release|Any CPU
		{5B7F280D-1B25-45D6-AB65-A2D1735A7F24}.Release|iPhoneSimulator.Build.0 = Release|Any CPU
		{5B7F280D-1B25-45D6-AB65-A2D1735A7F24}.Release|x64.ActiveCfg = Release|Any CPU
		{5B7F280D-1B25-45D6-AB65-A2D1735A7F24}.Release|x64.Build.0 = Release|Any CPU
		{5B7F280D-1B25-45D6-AB65-A2D1735A7F24}.Release|x86.ActiveCfg = Release|Any CPU
		{5B7F280D-1B25-45D6-AB65-A2D1735A7F24}.Release|x86.Build.0 = Release|Any CPU
		{B02E8BDC-8C24-45EA-B360-8BC197D0343C}.Ad-Hoc|Any CPU.ActiveCfg = Ad-Hoc|iPhone
		{B02E8BDC-8C24-45EA-B360-8BC197D0343C}.Ad-Hoc|ARM.ActiveCfg = Ad-Hoc|iPhone
		{B02E8BDC-8C24-45EA-B360-8BC197D0343C}.Ad-Hoc|iPhone.ActiveCfg = Ad-Hoc|iPhone
		{B02E8BDC-8C24-45EA-B360-8BC197D0343C}.Ad-Hoc|iPhone.Build.0 = Ad-Hoc|iPhone
		{B02E8BDC-8C24-45EA-B360-8BC197D0343C}.Ad-Hoc|iPhoneSimulator.ActiveCfg = Ad-Hoc|iPhoneSimulator
		{B02E8BDC-8C24-45EA-B360-8BC197D0343C}.Ad-Hoc|iPhoneSimulator.Build.0 = Ad-Hoc|iPhoneSimulator
		{B02E8BDC-8C24-45EA-B360-8BC197D0343C}.Ad-Hoc|x64.ActiveCfg = Ad-Hoc|iPhone
		{B02E8BDC-8C24-45EA-B360-8BC197D0343C}.Ad-Hoc|x86.ActiveCfg = Ad-Hoc|iPhone
		{B02E8BDC-8C24-45EA-B360-8BC197D0343C}.AppStore|Any CPU.ActiveCfg = AppStore|iPhone
		{B02E8BDC-8C24-45EA-B360-8BC197D0343C}.AppStore|ARM.ActiveCfg = AppStore|iPhone
		{B02E8BDC-8C24-45EA-B360-8BC197D0343C}.AppStore|iPhone.ActiveCfg = AppStore|iPhone
		{B02E8BDC-8C24-45EA-B360-8BC197D0343C}.AppStore|iPhone.Build.0 = AppStore|iPhone
		{B02E8BDC-8C24-45EA-B360-8BC197D0343C}.AppStore|iPhoneSimulator.ActiveCfg = AppStore|iPhoneSimulator
		{B02E8BDC-8C24-45EA-B360-8BC197D0343C}.AppStore|iPhoneSimulator.Build.0 = AppStore|iPhoneSimulator
		{B02E8BDC-8C24-45EA-B360-8BC197D0343C}.AppStore|x64.ActiveCfg = AppStore|iPhone
		{B02E8BDC-8C24-45EA-B360-8BC197D0343C}.AppStore|x86.ActiveCfg = AppStore|iPhone
		{B02E8BDC-8C24-45EA-B360-8BC197D0343C}.Debug|Any CPU.ActiveCfg = Debug|iPhoneSimulator
		{B02E8BDC-8C24-45EA-B360-8BC197D0343C}.Debug|Any CPU.Build.0 = Debug|iPhoneSimulator
		{B02E8BDC-8C24-45EA-B360-8BC197D0343C}.Debug|ARM.ActiveCfg = Debug|iPhone
		{B02E8BDC-8C24-45EA-B360-8BC197D0343C}.Debug|iPhone.ActiveCfg = Debug|iPhone
		{B02E8BDC-8C24-45EA-B360-8BC197D0343C}.Debug|iPhone.Build.0 = Debug|iPhone
		{B02E8BDC-8C24-45EA-B360-8BC197D0343C}.Debug|iPhoneSimulator.ActiveCfg = Debug|iPhoneSimulator
		{B02E8BDC-8C24-45EA-B360-8BC197D0343C}.Debug|iPhoneSimulator.Build.0 = Debug|iPhoneSimulator
		{B02E8BDC-8C24-45EA-B360-8BC197D0343C}.Debug|x64.ActiveCfg = Debug|iPhone
		{B02E8BDC-8C24-45EA-B360-8BC197D0343C}.Debug|x86.ActiveCfg = Debug|iPhone
		{B02E8BDC-8C24-45EA-B360-8BC197D0343C}.Release|Any CPU.ActiveCfg = Release|iPhone
		{B02E8BDC-8C24-45EA-B360-8BC197D0343C}.Release|ARM.ActiveCfg = Release|iPhone
		{B02E8BDC-8C24-45EA-B360-8BC197D0343C}.Release|iPhone.ActiveCfg = Release|iPhone
		{B02E8BDC-8C24-45EA-B360-8BC197D0343C}.Release|iPhone.Build.0 = Release|iPhone
		{B02E8BDC-8C24-45EA-B360-8BC197D0343C}.Release|iPhoneSimulator.ActiveCfg = Release|iPhoneSimulator
		{B02E8BDC-8C24-45EA-B360-8BC197D0343C}.Release|iPhoneSimulator.Build.0 = Release|iPhoneSimulator
		{B02E8BDC-8C24-45EA-B360-8BC197D0343C}.Release|x64.ActiveCfg = Release|iPhone
		{B02E8BDC-8C24-45EA-B360-8BC197D0343C}.Release|x86.ActiveCfg = Release|iPhone
		{C50F81A7-C845-4E2F-88F3-9771D522B6AF}.Ad-Hoc|Any CPU.ActiveCfg = Release|x64
		{C50F81A7-C845-4E2F-88F3-9771D522B6AF}.Ad-Hoc|Any CPU.Build.0 = Release|x64
		{C50F81A7-C845-4E2F-88F3-9771D522B6AF}.Ad-Hoc|Any CPU.Deploy.0 = Release|x64
		{C50F81A7-C845-4E2F-88F3-9771D522B6AF}.Ad-Hoc|ARM.ActiveCfg = Release|ARM
		{C50F81A7-C845-4E2F-88F3-9771D522B6AF}.Ad-Hoc|ARM.Build.0 = Release|ARM
		{C50F81A7-C845-4E2F-88F3-9771D522B6AF}.Ad-Hoc|ARM.Deploy.0 = Release|ARM
		{C50F81A7-C845-4E2F-88F3-9771D522B6AF}.Ad-Hoc|iPhone.ActiveCfg = Release|x64
		{C50F81A7-C845-4E2F-88F3-9771D522B6AF}.Ad-Hoc|iPhone.Build.0 = Release|x64
		{C50F81A7-C845-4E2F-88F3-9771D522B6AF}.Ad-Hoc|iPhone.Deploy.0 = Release|x64
		{C50F81A7-C845-4E2F-88F3-9771D522B6AF}.Ad-Hoc|iPhoneSimulator.ActiveCfg = Release|x64
		{C50F81A7-C845-4E2F-88F3-9771D522B6AF}.Ad-Hoc|iPhoneSimulator.Build.0 = Release|x64
		{C50F81A7-C845-4E2F-88F3-9771D522B6AF}.Ad-Hoc|iPhoneSimulator.Deploy.0 = Release|x64
		{C50F81A7-C845-4E2F-88F3-9771D522B6AF}.Ad-Hoc|x64.ActiveCfg = Release|x64
		{C50F81A7-C845-4E2F-88F3-9771D522B6AF}.Ad-Hoc|x64.Build.0 = Release|x64
		{C50F81A7-C845-4E2F-88F3-9771D522B6AF}.Ad-Hoc|x64.Deploy.0 = Release|x64
		{C50F81A7-C845-4E2F-88F3-9771D522B6AF}.Ad-Hoc|x86.ActiveCfg = Release|x86
		{C50F81A7-C845-4E2F-88F3-9771D522B6AF}.Ad-Hoc|x86.Build.0 = Release|x86
		{C50F81A7-C845-4E2F-88F3-9771D522B6AF}.Ad-Hoc|x86.Deploy.0 = Release|x86
		{C50F81A7-C845-4E2F-88F3-9771D522B6AF}.AppStore|Any CPU.ActiveCfg = Release|x64
		{C50F81A7-C845-4E2F-88F3-9771D522B6AF}.AppStore|Any CPU.Build.0 = Release|x64
		{C50F81A7-C845-4E2F-88F3-9771D522B6AF}.AppStore|Any CPU.Deploy.0 = Release|x64
		{C50F81A7-C845-4E2F-88F3-9771D522B6AF}.AppStore|ARM.ActiveCfg = Release|ARM
		{C50F81A7-C845-4E2F-88F3-9771D522B6AF}.AppStore|ARM.Build.0 = Release|ARM
		{C50F81A7-C845-4E2F-88F3-9771D522B6AF}.AppStore|ARM.Deploy.0 = Release|ARM
		{C50F81A7-C845-4E2F-88F3-9771D522B6AF}.AppStore|iPhone.ActiveCfg = Release|x64
		{C50F81A7-C845-4E2F-88F3-9771D522B6AF}.AppStore|iPhone.Build.0 = Release|x64
		{C50F81A7-C845-4E2F-88F3-9771D522B6AF}.AppStore|iPhone.Deploy.0 = Release|x64
		{C50F81A7-C845-4E2F-88F3-9771D522B6AF}.AppStore|iPhoneSimulator.ActiveCfg = Release|x64
		{C50F81A7-C845-4E2F-88F3-9771D522B6AF}.AppStore|iPhoneSimulator.Build.0 = Release|x64
		{C50F81A7-C845-4E2F-88F3-9771D522B6AF}.AppStore|iPhoneSimulator.Deploy.0 = Release|x64
		{C50F81A7-C845-4E2F-88F3-9771D522B6AF}.AppStore|x64.ActiveCfg = Release|x64
		{C50F81A7-C845-4E2F-88F3-9771D522B6AF}.AppStore|x64.Build.0 = Release|x64
		{C50F81A7-C845-4E2F-88F3-9771D522B6AF}.AppStore|x64.Deploy.0 = Release|x64
		{C50F81A7-C845-4E2F-88F3-9771D522B6AF}.AppStore|x86.ActiveCfg = Release|x86
		{C50F81A7-C845-4E2F-88F3-9771D522B6AF}.AppStore|x86.Build.0 = Release|x86
		{C50F81A7-C845-4E2F-88F3-9771D522B6AF}.AppStore|x86.Deploy.0 = Release|x86
		{C50F81A7-C845-4E2F-88F3-9771D522B6AF}.Debug|Any CPU.ActiveCfg = Debug|x86
		{C50F81A7-C845-4E2F-88F3-9771D522B6AF}.Debug|ARM.ActiveCfg = Debug|ARM
		{C50F81A7-C845-4E2F-88F3-9771D522B6AF}.Debug|ARM.Build.0 = Debug|ARM
		{C50F81A7-C845-4E2F-88F3-9771D522B6AF}.Debug|ARM.Deploy.0 = Debug|ARM
		{C50F81A7-C845-4E2F-88F3-9771D522B6AF}.Debug|iPhone.ActiveCfg = Debug|x86
		{C50F81A7-C845-4E2F-88F3-9771D522B6AF}.Debug|iPhoneSimulator.ActiveCfg = Debug|x86
		{C50F81A7-C845-4E2F-88F3-9771D522B6AF}.Debug|x64.ActiveCfg = Debug|x64
		{C50F81A7-C845-4E2F-88F3-9771D522B6AF}.Debug|x64.Build.0 = Debug|x64
		{C50F81A7-C845-4E2F-88F3-9771D522B6AF}.Debug|x64.Deploy.0 = Debug|x64
		{C50F81A7-C845-4E2F-88F3-9771D522B6AF}.Debug|x86.ActiveCfg = Debug|x86
		{C50F81A7-C845-4E2F-88F3-9771D522B6AF}.Debug|x86.Build.0 = Debug|x86
		{C50F81A7-C845-4E2F-88F3-9771D522B6AF}.Debug|x86.Deploy.0 = Debug|x86
		{C50F81A7-C845-4E2F-88F3-9771D522B6AF}.Release|Any CPU.ActiveCfg = Release|x86
		{C50F81A7-C845-4E2F-88F3-9771D522B6AF}.Release|ARM.ActiveCfg = Release|ARM
		{C50F81A7-C845-4E2F-88F3-9771D522B6AF}.Release|ARM.Build.0 = Release|ARM
		{C50F81A7-C845-4E2F-88F3-9771D522B6AF}.Release|ARM.Deploy.0 = Release|ARM
		{C50F81A7-C845-4E2F-88F3-9771D522B6AF}.Release|iPhone.ActiveCfg = Release|x86
		{C50F81A7-C845-4E2F-88F3-9771D522B6AF}.Release|iPhoneSimulator.ActiveCfg = Release|x86
		{C50F81A7-C845-4E2F-88F3-9771D522B6AF}.Release|x64.ActiveCfg = Release|x64
		{C50F81A7-C845-4E2F-88F3-9771D522B6AF}.Release|x64.Build.0 = Release|x64
		{C50F81A7-C845-4E2F-88F3-9771D522B6AF}.Release|x64.Deploy.0 = Release|x64
		{C50F81A7-C845-4E2F-88F3-9771D522B6AF}.Release|x86.ActiveCfg = Release|x86
		{C50F81A7-C845-4E2F-88F3-9771D522B6AF}.Release|x86.Build.0 = Release|x86
		{C50F81A7-C845-4E2F-88F3-9771D522B6AF}.Release|x86.Deploy.0 = Release|x86
		{3594743A-C6A5-4CDA-8C11-644888A6DBB5}.Ad-Hoc|Any CPU.ActiveCfg = Release|Any CPU
		{3594743A-C6A5-4CDA-8C11-644888A6DBB5}.Ad-Hoc|Any CPU.Build.0 = Release|Any CPU
		{3594743A-C6A5-4CDA-8C11-644888A6DBB5}.Ad-Hoc|ARM.ActiveCfg = Release|Any CPU
		{3594743A-C6A5-4CDA-8C11-644888A6DBB5}.Ad-Hoc|ARM.Build.0 = Release|Any CPU
		{3594743A-C6A5-4CDA-8C11-644888A6DBB5}.Ad-Hoc|iPhone.ActiveCfg = Release|Any CPU
		{3594743A-C6A5-4CDA-8C11-644888A6DBB5}.Ad-Hoc|iPhone.Build.0 = Release|Any CPU
		{3594743A-C6A5-4CDA-8C11-644888A6DBB5}.Ad-Hoc|iPhoneSimulator.ActiveCfg = Release|Any CPU
		{3594743A-C6A5-4CDA-8C11-644888A6DBB5}.Ad-Hoc|iPhoneSimulator.Build.0 = Release|Any CPU
		{3594743A-C6A5-4CDA-8C11-644888A6DBB5}.Ad-Hoc|x64.ActiveCfg = Release|Any CPU
		{3594743A-C6A5-4CDA-8C11-644888A6DBB5}.Ad-Hoc|x64.Build.0 = Release|Any CPU
		{3594743A-C6A5-4CDA-8C11-644888A6DBB5}.Ad-Hoc|x86.ActiveCfg = Release|Any CPU
		{3594743A-C6A5-4CDA-8C11-644888A6DBB5}.Ad-Hoc|x86.Build.0 = Release|Any CPU
		{3594743A-C6A5-4CDA-8C11-644888A6DBB5}.AppStore|Any CPU.ActiveCfg = Release|Any CPU
		{3594743A-C6A5-4CDA-8C11-644888A6DBB5}.AppStore|Any CPU.Build.0 = Release|Any CPU
		{3594743A-C6A5-4CDA-8C11-644888A6DBB5}.AppStore|ARM.ActiveCfg = Release|Any CPU
		{3594743A-C6A5-4CDA-8C11-644888A6DBB5}.AppStore|ARM.Build.0 = Release|Any CPU
		{3594743A-C6A5-4CDA-8C11-644888A6DBB5}.AppStore|iPhone.ActiveCfg = Release|Any CPU
		{3594743A-C6A5-4CDA-8C11-644888A6DBB5}.AppStore|iPhone.Build.0 = Release|Any CPU
		{3594743A-C6A5-4CDA-8C11-644888A6DBB5}.AppStore|iPhoneSimulator.ActiveCfg = Release|Any CPU
		{3594743A-C6A5-4CDA-8C11-644888A6DBB5}.AppStore|iPhoneSimulator.Build.0 = Release|Any CPU
		{3594743A-C6A5-4CDA-8C11-644888A6DBB5}.AppStore|x64.ActiveCfg = Release|Any CPU
		{3594743A-C6A5-4CDA-8C11-644888A6DBB5}.AppStore|x64.Build.0 = Release|Any CPU
		{3594743A-C6A5-4CDA-8C11-644888A6DBB5}.AppStore|x86.ActiveCfg = Release|Any CPU
		{3594743A-C6A5-4CDA-8C11-644888A6DBB5}.AppStore|x86.Build.0 = Release|Any CPU
		{3594743A-C6A5-4CDA-8C11-644888A6DBB5}.Debug|Any CPU.ActiveCfg = Debug|Any CPU
		{3594743A-C6A5-4CDA-8C11-644888A6DBB5}.Debug|Any CPU.Build.0 = Debug|Any CPU
		{3594743A-C6A5-4CDA-8C11-644888A6DBB5}.Debug|ARM.ActiveCfg = Debug|Any CPU
		{3594743A-C6A5-4CDA-8C11-644888A6DBB5}.Debug|ARM.Build.0 = Debug|Any CPU
		{3594743A-C6A5-4CDA-8C11-644888A6DBB5}.Debug|iPhone.ActiveCfg = Debug|Any CPU
		{3594743A-C6A5-4CDA-8C11-644888A6DBB5}.Debug|iPhone.Build.0 = Debug|Any CPU
		{3594743A-C6A5-4CDA-8C11-644888A6DBB5}.Debug|iPhoneSimulator.ActiveCfg = Debug|Any CPU
		{3594743A-C6A5-4CDA-8C11-644888A6DBB5}.Debug|iPhoneSimulator.Build.0 = Debug|Any CPU
		{3594743A-C6A5-4CDA-8C11-644888A6DBB5}.Debug|x64.ActiveCfg = Debug|Any CPU
		{3594743A-C6A5-4CDA-8C11-644888A6DBB5}.Debug|x64.Build.0 = Debug|Any CPU
		{3594743A-C6A5-4CDA-8C11-644888A6DBB5}.Debug|x86.ActiveCfg = Debug|Any CPU
		{3594743A-C6A5-4CDA-8C11-644888A6DBB5}.Debug|x86.Build.0 = Debug|Any CPU
		{3594743A-C6A5-4CDA-8C11-644888A6DBB5}.Release|Any CPU.ActiveCfg = Release|Any CPU
		{3594743A-C6A5-4CDA-8C11-644888A6DBB5}.Release|Any CPU.Build.0 = Release|Any CPU
		{3594743A-C6A5-4CDA-8C11-644888A6DBB5}.Release|ARM.ActiveCfg = Release|Any CPU
		{3594743A-C6A5-4CDA-8C11-644888A6DBB5}.Release|ARM.Build.0 = Release|Any CPU
		{3594743A-C6A5-4CDA-8C11-644888A6DBB5}.Release|iPhone.ActiveCfg = Release|Any CPU
		{3594743A-C6A5-4CDA-8C11-644888A6DBB5}.Release|iPhone.Build.0 = Release|Any CPU
		{3594743A-C6A5-4CDA-8C11-644888A6DBB5}.Release|iPhoneSimulator.ActiveCfg = Release|Any CPU
		{3594743A-C6A5-4CDA-8C11-644888A6DBB5}.Release|iPhoneSimulator.Build.0 = Release|Any CPU
		{3594743A-C6A5-4CDA-8C11-644888A6DBB5}.Release|x64.ActiveCfg = Release|Any CPU
		{3594743A-C6A5-4CDA-8C11-644888A6DBB5}.Release|x64.Build.0 = Release|Any CPU
		{3594743A-C6A5-4CDA-8C11-644888A6DBB5}.Release|x86.ActiveCfg = Release|Any CPU
		{3594743A-C6A5-4CDA-8C11-644888A6DBB5}.Release|x86.Build.0 = Release|Any CPU
	EndGlobalSection
	GlobalSection(SolutionProperties) = preSolution
		HideSolutionNode = FALSE
	EndGlobalSection
	GlobalSection(ExtensibilityGlobals) = postSolution
		SolutionGuid = {F5399188-2304-4703-A27B-E19C3C4F7F2B}
	EndGlobalSection
EndGlobal
