
Microsoft Visual Studio Solution File, Format Version 12.00
# Visual Studio 15
VisualStudioVersion = 15.0.27703.2035
MinimumVisualStudioVersion = 10.0.40219.1
Project("{FAE04EC0-301F-11D3-BF4B-00C04F79EFBC}") = "MCAPP_UI", "MCAPP_UI\MCAPP_UI.csproj", "{101E3060-8799-4119-8A7A-4F86A01C0C84}"
EndProject
Project("{FAE04EC0-301F-11D3-BF4B-00C04F79EFBC}") = "MCAPP_Test", "MCAPP_Test\MCAPP_Test.csproj", "{8ECA2AEE-A5D6-4C34-B019-09EB285B1C76}"
EndProject
Project("{9A19103F-16F7-4668-BE54-9A1E7A4F7556}") = "MCAPP_CROSS.Core", "MCAPP_CROSS\MCAPP_CROSS.Core\MCAPP_CROSS.Core.csproj", "{FDE7B60A-E94A-4650-9E15-2CFFA15554BB}"
EndProject
Project("{FAE04EC0-301F-11D3-BF4B-00C04F79EFBC}") = "MCAPP_CROSS.Droid", "MCAPP_CROSS\MCAPP_CROSS.Droid\MCAPP_CROSS.Droid.csproj", "{8B0B15C3-64FB-4F1E-8C73-E57067B37A7B}"
EndProject
Project("{FAE04EC0-301F-11D3-BF4B-00C04F79EFBC}") = "MCAPP_CROSS.iOS", "MCAPP_CROSS\MCAPP_CROSS.iOS\MCAPP_CROSS.iOS.csproj", "{B02E8BDC-8C24-45EA-B360-8BC197D0343C}"
EndProject
Global
	GlobalSection(SolutionConfigurationPlatforms) = preSolution
		Ad-Hoc|Any CPU = Ad-Hoc|Any CPU
		Ad-Hoc|ARM = Ad-Hoc|ARM
		Ad-Hoc|iPhone = Ad-Hoc|iPhone
		Ad-Hoc|iPhoneSimulator = Ad-Hoc|iPhoneSimulator
		Ad-Hoc|x64 = Ad-Hoc|x64
		Ad-Hoc|x86 = Ad-Hoc|x86
		AppStore|Any CPU = AppStore|Any CPU
		AppStore|ARM = AppStore|ARM
		AppStore|iPhone = AppStore|iPhone
		AppStore|iPhoneSimulator = AppStore|iPhoneSimulator
		AppStore|x64 = AppStore|x64
		AppStore|x86 = AppStore|x86
		Debug|Any CPU = Debug|Any CPU
		Debug|ARM = Debug|ARM
		Debug|iPhone = Debug|iPhone
		Debug|iPhoneSimulator = Debug|iPhoneSimulator
		Debug|x64 = Debug|x64
		Debug|x86 = Debug|x86
		Release|Any CPU = Release|Any CPU
		Release|ARM = Release|ARM
		Release|iPhone = Release|iPhone
		Release|iPhoneSimulator = Release|iPhoneSimulator
		Release|x64 = Release|x64
		Release|x86 = Release|x86
	EndGlobalSection
	GlobalSection(ProjectConfigurationPlatforms) = postSolution
		{101E3060-8799-4119-8A7A-4F86A01C0C84}.Ad-Hoc|Any CPU.ActiveCfg = Release|iPhone
		{101E3060-8799-4119-8A7A-4F86A01C0C84}.Ad-Hoc|Any CPU.Build.0 = Release|iPhone
		{101E3060-8799-4119-8A7A-4F86A01C0C84}.Ad-Hoc|ARM.ActiveCfg = Release|iPhone
		{101E3060-8799-4119-8A7A-4F86A01C0C84}.Ad-Hoc|ARM.Build.0 = Release|iPhone
		{101E3060-8799-4119-8A7A-4F86A01C0C84}.Ad-Hoc|iPhone.ActiveCfg = Release|iPhone
		{101E3060-8799-4119-8A7A-4F86A01C0C84}.Ad-Hoc|iPhone.Build.0 = Release|iPhone
		{101E3060-8799-4119-8A7A-4F86A01C0C84}.Ad-Hoc|iPhoneSimulator.ActiveCfg = Release|iPhoneSimulator
		{101E3060-8799-4119-8A7A-4F86A01C0C84}.Ad-Hoc|iPhoneSimulator.Build.0 = Release|iPhoneSimulator
		{101E3060-8799-4119-8A7A-4F86A01C0C84}.Ad-Hoc|x64.ActiveCfg = Release|iPhone
		{101E3060-8799-4119-8A7A-4F86A01C0C84}.Ad-Hoc|x64.Build.0 = Release|iPhone
		{101E3060-8799-4119-8A7A-4F86A01C0C84}.Ad-Hoc|x86.ActiveCfg = Release|iPhone
		{101E3060-8799-4119-8A7A-4F86A01C0C84}.Ad-Hoc|x86.Build.0 = Release|iPhone
		{101E3060-8799-4119-8A7A-4F86A01C0C84}.AppStore|Any CPU.ActiveCfg = Release|iPhone
		{101E3060-8799-4119-8A7A-4F86A01C0C84}.AppStore|Any CPU.Build.0 = Release|iPhone
		{101E3060-8799-4119-8A7A-4F86A01C0C84}.AppStore|ARM.ActiveCfg = Release|iPhone
		{101E3060-8799-4119-8A7A-4F86A01C0C84}.AppStore|ARM.Build.0 = Release|iPhone
		{101E3060-8799-4119-8A7A-4F86A01C0C84}.AppStore|iPhone.ActiveCfg = Release|iPhone
		{101E3060-8799-4119-8A7A-4F86A01C0C84}.AppStore|iPhone.Build.0 = Release|iPhone
		{101E3060-8799-4119-8A7A-4F86A01C0C84}.AppStore|iPhoneSimulator.ActiveCfg = Release|iPhoneSimulator
		{101E3060-8799-4119-8A7A-4F86A01C0C84}.AppStore|iPhoneSimulator.Build.0 = Release|iPhoneSimulator
		{101E3060-8799-4119-8A7A-4F86A01C0C84}.AppStore|x64.ActiveCfg = Release|iPhone
		{101E3060-8799-4119-8A7A-4F86A01C0C84}.AppStore|x64.Build.0 = Release|iPhone
		{101E3060-8799-4119-8A7A-4F86A01C0C84}.AppStore|x86.ActiveCfg = Release|iPhone
		{101E3060-8799-4119-8A7A-4F86A01C0C84}.AppStore|x86.Build.0 = Release|iPhone
		{101E3060-8799-4119-8A7A-4F86A01C0C84}.Debug|Any CPU.ActiveCfg = Debug|iPhoneSimulator
		{101E3060-8799-4119-8A7A-4F86A01C0C84}.Debug|ARM.ActiveCfg = Debug|iPhone
		{101E3060-8799-4119-8A7A-4F86A01C0C84}.Debug|iPhone.ActiveCfg = Debug|iPhone
		{101E3060-8799-4119-8A7A-4F86A01C0C84}.Debug|iPhone.Build.0 = Debug|iPhone
		{101E3060-8799-4119-8A7A-4F86A01C0C84}.Debug|iPhone.Deploy.0 = Debug|iPhone
		{101E3060-8799-4119-8A7A-4F86A01C0C84}.Debug|iPhoneSimulator.ActiveCfg = Debug|iPhoneSimulator
		{101E3060-8799-4119-8A7A-4F86A01C0C84}.Debug|iPhoneSimulator.Build.0 = Debug|iPhoneSimulator
		{101E3060-8799-4119-8A7A-4F86A01C0C84}.Debug|iPhoneSimulator.Deploy.0 = Debug|iPhoneSimulator
		{101E3060-8799-4119-8A7A-4F86A01C0C84}.Debug|x64.ActiveCfg = Debug|iPhone
		{101E3060-8799-4119-8A7A-4F86A01C0C84}.Debug|x86.ActiveCfg = Debug|iPhone
		{101E3060-8799-4119-8A7A-4F86A01C0C84}.Release|Any CPU.ActiveCfg = Release|iPhoneSimulator
		{101E3060-8799-4119-8A7A-4F86A01C0C84}.Release|ARM.ActiveCfg = Release|iPhone
		{101E3060-8799-4119-8A7A-4F86A01C0C84}.Release|iPhone.ActiveCfg = Release|iPhone
		{101E3060-8799-4119-8A7A-4F86A01C0C84}.Release|iPhone.Build.0 = Release|iPhone
		{101E3060-8799-4119-8A7A-4F86A01C0C84}.Release|iPhone.Deploy.0 = Release|iPhone
		{101E3060-8799-4119-8A7A-4F86A01C0C84}.Release|iPhoneSimulator.ActiveCfg = Release|iPhoneSimulator
		{101E3060-8799-4119-8A7A-4F86A01C0C84}.Release|iPhoneSimulator.Build.0 = Release|iPhoneSimulator
		{101E3060-8799-4119-8A7A-4F86A01C0C84}.Release|iPhoneSimulator.Deploy.0 = Release|iPhoneSimulator
		{101E3060-8799-4119-8A7A-4F86A01C0C84}.Release|x64.ActiveCfg = Release|iPhone
		{101E3060-8799-4119-8A7A-4F86A01C0C84}.Release|x86.ActiveCfg = Release|iPhone
		{8ECA2AEE-A5D6-4C34-B019-09EB285B1C76}.Ad-Hoc|Any CPU.ActiveCfg = Release|Any CPU
		{8ECA2AEE-A5D6-4C34-B019-09EB285B1C76}.Ad-Hoc|Any CPU.Build.0 = Release|Any CPU
		{8ECA2AEE-A5D6-4C34-B019-09EB285B1C76}.Ad-Hoc|ARM.ActiveCfg = Release|Any CPU
		{8ECA2AEE-A5D6-4C34-B019-09EB285B1C76}.Ad-Hoc|ARM.Build.0 = Release|Any CPU
		{8ECA2AEE-A5D6-4C34-B019-09EB285B1C76}.Ad-Hoc|iPhone.ActiveCfg = Release|Any CPU
		{8ECA2AEE-A5D6-4C34-B019-09EB285B1C76}.Ad-Hoc|iPhone.Build.0 = Release|Any CPU
		{8ECA2AEE-A5D6-4C34-B019-09EB285B1C76}.Ad-Hoc|iPhoneSimulator.ActiveCfg = Release|Any CPU
		{8ECA2AEE-A5D6-4C34-B019-09EB285B1C76}.Ad-Hoc|iPhoneSimulator.Build.0 = Release|Any CPU
		{8ECA2AEE-A5D6-4C34-B019-09EB285B1C76}.Ad-Hoc|x64.ActiveCfg = Release|Any CPU
		{8ECA2AEE-A5D6-4C34-B019-09EB285B1C76}.Ad-Hoc|x64.Build.0 = Release|Any CPU
		{8ECA2AEE-A5D6-4C34-B019-09EB285B1C76}.Ad-Hoc|x86.ActiveCfg = Release|Any CPU
		{8ECA2AEE-A5D6-4C34-B019-09EB285B1C76}.Ad-Hoc|x86.Build.0 = Release|Any CPU
		{8ECA2AEE-A5D6-4C34-B019-09EB285B1C76}.AppStore|Any CPU.ActiveCfg = Release|Any CPU
		{8ECA2AEE-A5D6-4C34-B019-09EB285B1C76}.AppStore|Any CPU.Build.0 = Release|Any CPU
		{8ECA2AEE-A5D6-4C34-B019-09EB285B1C76}.AppStore|ARM.ActiveCfg = Release|Any CPU
		{8ECA2AEE-A5D6-4C34-B019-09EB285B1C76}.AppStore|ARM.Build.0 = Release|Any CPU
		{8ECA2AEE-A5D6-4C34-B019-09EB285B1C76}.AppStore|iPhone.ActiveCfg = Release|Any CPU
		{8ECA2AEE-A5D6-4C34-B019-09EB285B1C76}.AppStore|iPhone.Build.0 = Release|Any CPU
		{8ECA2AEE-A5D6-4C34-B019-09EB285B1C76}.AppStore|iPhoneSimulator.ActiveCfg = Release|Any CPU
		{8ECA2AEE-A5D6-4C34-B019-09EB285B1C76}.AppStore|iPhoneSimulator.Build.0 = Release|Any CPU
		{8ECA2AEE-A5D6-4C34-B019-09EB285B1C76}.AppStore|x64.ActiveCfg = Release|Any CPU
		{8ECA2AEE-A5D6-4C34-B019-09EB285B1C76}.AppStore|x64.Build.0 = Release|Any CPU
		{8ECA2AEE-A5D6-4C34-B019-09EB285B1C76}.AppStore|x86.ActiveCfg = Release|Any CPU
		{8ECA2AEE-A5D6-4C34-B019-09EB285B1C76}.AppStore|x86.Build.0 = Release|Any CPU
		{8ECA2AEE-A5D6-4C34-B019-09EB285B1C76}.Debug|Any CPU.ActiveCfg = Debug|Any CPU
		{8ECA2AEE-A5D6-4C34-B019-09EB285B1C76}.Debug|Any CPU.Build.0 = Debug|Any CPU
		{8ECA2AEE-A5D6-4C34-B019-09EB285B1C76}.Debug|ARM.ActiveCfg = Debug|Any CPU
		{8ECA2AEE-A5D6-4C34-B019-09EB285B1C76}.Debug|ARM.Build.0 = Debug|Any CPU
		{8ECA2AEE-A5D6-4C34-B019-09EB285B1C76}.Debug|iPhone.ActiveCfg = Debug|Any CPU
		{8ECA2AEE-A5D6-4C34-B019-09EB285B1C76}.Debug|iPhone.Build.0 = Debug|Any CPU
		{8ECA2AEE-A5D6-4C34-B019-09EB285B1C76}.Debug|iPhoneSimulator.ActiveCfg = Debug|Any CPU
		{8ECA2AEE-A5D6-4C34-B019-09EB285B1C76}.Debug|iPhoneSimulator.Build.0 = Debug|Any CPU
		{8ECA2AEE-A5D6-4C34-B019-09EB285B1C76}.Debug|x64.ActiveCfg = Debug|Any CPU
		{8ECA2AEE-A5D6-4C34-B019-09EB285B1C76}.Debug|x64.Build.0 = Debug|Any CPU
		{8ECA2AEE-A5D6-4C34-B019-09EB285B1C76}.Debug|x86.ActiveCfg = Debug|Any CPU
		{8ECA2AEE-A5D6-4C34-B019-09EB285B1C76}.Debug|x86.Build.0 = Debug|Any CPU
		{8ECA2AEE-A5D6-4C34-B019-09EB285B1C76}.Release|Any CPU.ActiveCfg = Release|Any CPU
		{8ECA2AEE-A5D6-4C34-B019-09EB285B1C76}.Release|Any CPU.Build.0 = Release|Any CPU
		{8ECA2AEE-A5D6-4C34-B019-09EB285B1C76}.Release|ARM.ActiveCfg = Release|Any CPU
		{8ECA2AEE-A5D6-4C34-B019-09EB285B1C76}.Release|ARM.Build.0 = Release|Any CPU
		{8ECA2AEE-A5D6-4C34-B019-09EB285B1C76}.Release|iPhone.ActiveCfg = Release|Any CPU
		{8ECA2AEE-A5D6-4C34-B019-09EB285B1C76}.Release|iPhone.Build.0 = Release|Any CPU
		{8ECA2AEE-A5D6-4C34-B019-09EB285B1C76}.Release|iPhoneSimulator.ActiveCfg = Release|Any CPU
		{8ECA2AEE-A5D6-4C34-B019-09EB285B1C76}.Release|iPhoneSimulator.Build.0 = Release|Any CPU
		{8ECA2AEE-A5D6-4C34-B019-09EB285B1C76}.Release|x64.ActiveCfg = Release|Any CPU
		{8ECA2AEE-A5D6-4C34-B019-09EB285B1C76}.Release|x64.Build.0 = Release|Any CPU
		{8ECA2AEE-A5D6-4C34-B019-09EB285B1C76}.Release|x86.ActiveCfg = Release|Any CPU
		{8ECA2AEE-A5D6-4C34-B019-09EB285B1C76}.Release|x86.Build.0 = Release|Any CPU
		{FDE7B60A-E94A-4650-9E15-2CFFA15554BB}.Ad-Hoc|Any CPU.ActiveCfg = Debug|Any CPU
		{FDE7B60A-E94A-4650-9E15-2CFFA15554BB}.Ad-Hoc|Any CPU.Build.0 = Debug|Any CPU
		{FDE7B60A-E94A-4650-9E15-2CFFA15554BB}.Ad-Hoc|ARM.ActiveCfg = Debug|Any CPU
		{FDE7B60A-E94A-4650-9E15-2CFFA15554BB}.Ad-Hoc|ARM.Build.0 = Debug|Any CPU
		{FDE7B60A-E94A-4650-9E15-2CFFA15554BB}.Ad-Hoc|iPhone.ActiveCfg = Debug|Any CPU
		{FDE7B60A-E94A-4650-9E15-2CFFA15554BB}.Ad-Hoc|iPhone.Build.0 = Debug|Any CPU
		{FDE7B60A-E94A-4650-9E15-2CFFA15554BB}.Ad-Hoc|iPhoneSimulator.ActiveCfg = Debug|Any CPU
		{FDE7B60A-E94A-4650-9E15-2CFFA15554BB}.Ad-Hoc|iPhoneSimulator.Build.0 = Debug|Any CPU
		{FDE7B60A-E94A-4650-9E15-2CFFA15554BB}.Ad-Hoc|x64.ActiveCfg = Debug|Any CPU
		{FDE7B60A-E94A-4650-9E15-2CFFA15554BB}.Ad-Hoc|x64.Build.0 = Debug|Any CPU
		{FDE7B60A-E94A-4650-9E15-2CFFA15554BB}.Ad-Hoc|x86.ActiveCfg = Debug|Any CPU
		{FDE7B60A-E94A-4650-9E15-2CFFA15554BB}.Ad-Hoc|x86.Build.0 = Debug|Any CPU
		{FDE7B60A-E94A-4650-9E15-2CFFA15554BB}.AppStore|Any CPU.ActiveCfg = Debug|Any CPU
		{FDE7B60A-E94A-4650-9E15-2CFFA15554BB}.AppStore|Any CPU.Build.0 = Debug|Any CPU
		{FDE7B60A-E94A-4650-9E15-2CFFA15554BB}.AppStore|ARM.ActiveCfg = Debug|Any CPU
		{FDE7B60A-E94A-4650-9E15-2CFFA15554BB}.AppStore|ARM.Build.0 = Debug|Any CPU
		{FDE7B60A-E94A-4650-9E15-2CFFA15554BB}.AppStore|iPhone.ActiveCfg = Debug|Any CPU
		{FDE7B60A-E94A-4650-9E15-2CFFA15554BB}.AppStore|iPhone.Build.0 = Debug|Any CPU
		{FDE7B60A-E94A-4650-9E15-2CFFA15554BB}.AppStore|iPhoneSimulator.ActiveCfg = Debug|Any CPU
		{FDE7B60A-E94A-4650-9E15-2CFFA15554BB}.AppStore|iPhoneSimulator.Build.0 = Debug|Any CPU
		{FDE7B60A-E94A-4650-9E15-2CFFA15554BB}.AppStore|x64.ActiveCfg = Debug|Any CPU
		{FDE7B60A-E94A-4650-9E15-2CFFA15554BB}.AppStore|x64.Build.0 = Debug|Any CPU
		{FDE7B60A-E94A-4650-9E15-2CFFA15554BB}.AppStore|x86.ActiveCfg = Debug|Any CPU
		{FDE7B60A-E94A-4650-9E15-2CFFA15554BB}.AppStore|x86.Build.0 = Debug|Any CPU
		{FDE7B60A-E94A-4650-9E15-2CFFA15554BB}.Debug|Any CPU.ActiveCfg = Debug|Any CPU
		{FDE7B60A-E94A-4650-9E15-2CFFA15554BB}.Debug|Any CPU.Build.0 = Debug|Any CPU
		{FDE7B60A-E94A-4650-9E15-2CFFA15554BB}.Debug|ARM.ActiveCfg = Debug|Any CPU
		{FDE7B60A-E94A-4650-9E15-2CFFA15554BB}.Debug|ARM.Build.0 = Debug|Any CPU
		{FDE7B60A-E94A-4650-9E15-2CFFA15554BB}.Debug|iPhone.ActiveCfg = Debug|Any CPU
		{FDE7B60A-E94A-4650-9E15-2CFFA15554BB}.Debug|iPhone.Build.0 = Debug|Any CPU
		{FDE7B60A-E94A-4650-9E15-2CFFA15554BB}.Debug|iPhoneSimulator.ActiveCfg = Debug|Any CPU
		{FDE7B60A-E94A-4650-9E15-2CFFA15554BB}.Debug|iPhoneSimulator.Build.0 = Debug|Any CPU
		{FDE7B60A-E94A-4650-9E15-2CFFA15554BB}.Debug|x64.ActiveCfg = Debug|Any CPU
		{FDE7B60A-E94A-4650-9E15-2CFFA15554BB}.Debug|x64.Build.0 = Debug|Any CPU
		{FDE7B60A-E94A-4650-9E15-2CFFA15554BB}.Debug|x86.ActiveCfg = Debug|Any CPU
		{FDE7B60A-E94A-4650-9E15-2CFFA15554BB}.Debug|x86.Build.0 = Debug|Any CPU
		{FDE7B60A-E94A-4650-9E15-2CFFA15554BB}.Release|Any CPU.ActiveCfg = Release|Any CPU
		{FDE7B60A-E94A-4650-9E15-2CFFA15554BB}.Release|Any CPU.Build.0 = Release|Any CPU
		{FDE7B60A-E94A-4650-9E15-2CFFA15554BB}.Release|ARM.ActiveCfg = Release|Any CPU
		{FDE7B60A-E94A-4650-9E15-2CFFA15554BB}.Release|ARM.Build.0 = Release|Any CPU
		{FDE7B60A-E94A-4650-9E15-2CFFA15554BB}.Release|iPhone.ActiveCfg = Release|Any CPU
		{FDE7B60A-E94A-4650-9E15-2CFFA15554BB}.Release|iPhone.Build.0 = Release|Any CPU
		{FDE7B60A-E94A-4650-9E15-2CFFA15554BB}.Release|iPhoneSimulator.ActiveCfg = Release|Any CPU
		{FDE7B60A-E94A-4650-9E15-2CFFA15554BB}.Release|iPhoneSimulator.Build.0 = Release|Any CPU
		{FDE7B60A-E94A-4650-9E15-2CFFA15554BB}.Release|x64.ActiveCfg = Release|Any CPU
		{FDE7B60A-E94A-4650-9E15-2CFFA15554BB}.Release|x64.Build.0 = Release|Any CPU
		{FDE7B60A-E94A-4650-9E15-2CFFA15554BB}.Release|x86.ActiveCfg = Release|Any CPU
		{FDE7B60A-E94A-4650-9E15-2CFFA15554BB}.Release|x86.Build.0 = Release|Any CPU
		{8B0B15C3-64FB-4F1E-8C73-E57067B37A7B}.Ad-Hoc|Any CPU.ActiveCfg = Release|Any CPU
		{8B0B15C3-64FB-4F1E-8C73-E57067B37A7B}.Ad-Hoc|Any CPU.Build.0 = Release|Any CPU
		{8B0B15C3-64FB-4F1E-8C73-E57067B37A7B}.Ad-Hoc|Any CPU.Deploy.0 = Release|Any CPU
		{8B0B15C3-64FB-4F1E-8C73-E57067B37A7B}.Ad-Hoc|ARM.ActiveCfg = Release|Any CPU
		{8B0B15C3-64FB-4F1E-8C73-E57067B37A7B}.Ad-Hoc|ARM.Build.0 = Release|Any CPU
		{8B0B15C3-64FB-4F1E-8C73-E57067B37A7B}.Ad-Hoc|ARM.Deploy.0 = Release|Any CPU
		{8B0B15C3-64FB-4F1E-8C73-E57067B37A7B}.Ad-Hoc|iPhone.ActiveCfg = Release|Any CPU
		{8B0B15C3-64FB-4F1E-8C73-E57067B37A7B}.Ad-Hoc|iPhone.Build.0 = Release|Any CPU
		{8B0B15C3-64FB-4F1E-8C73-E57067B37A7B}.Ad-Hoc|iPhone.Deploy.0 = Release|Any CPU
		{8B0B15C3-64FB-4F1E-8C73-E57067B37A7B}.Ad-Hoc|iPhoneSimulator.ActiveCfg = Release|Any CPU
		{8B0B15C3-64FB-4F1E-8C73-E57067B37A7B}.Ad-Hoc|iPhoneSimulator.Build.0 = Release|Any CPU
		{8B0B15C3-64FB-4F1E-8C73-E57067B37A7B}.Ad-Hoc|iPhoneSimulator.Deploy.0 = Release|Any CPU
		{8B0B15C3-64FB-4F1E-8C73-E57067B37A7B}.Ad-Hoc|x64.ActiveCfg = Release|Any CPU
		{8B0B15C3-64FB-4F1E-8C73-E57067B37A7B}.Ad-Hoc|x64.Build.0 = Release|Any CPU
		{8B0B15C3-64FB-4F1E-8C73-E57067B37A7B}.Ad-Hoc|x64.Deploy.0 = Release|Any CPU
		{8B0B15C3-64FB-4F1E-8C73-E57067B37A7B}.Ad-Hoc|x86.ActiveCfg = Release|Any CPU
		{8B0B15C3-64FB-4F1E-8C73-E57067B37A7B}.Ad-Hoc|x86.Build.0 = Release|Any CPU
		{8B0B15C3-64FB-4F1E-8C73-E57067B37A7B}.Ad-Hoc|x86.Deploy.0 = Release|Any CPU
		{8B0B15C3-64FB-4F1E-8C73-E57067B37A7B}.AppStore|Any CPU.ActiveCfg = Release|Any CPU
		{8B0B15C3-64FB-4F1E-8C73-E57067B37A7B}.AppStore|Any CPU.Build.0 = Release|Any CPU
		{8B0B15C3-64FB-4F1E-8C73-E57067B37A7B}.AppStore|Any CPU.Deploy.0 = Release|Any CPU
		{8B0B15C3-64FB-4F1E-8C73-E57067B37A7B}.AppStore|ARM.ActiveCfg = Release|Any CPU
		{8B0B15C3-64FB-4F1E-8C73-E57067B37A7B}.AppStore|ARM.Build.0 = Release|Any CPU
		{8B0B15C3-64FB-4F1E-8C73-E57067B37A7B}.AppStore|ARM.Deploy.0 = Release|Any CPU
		{8B0B15C3-64FB-4F1E-8C73-E57067B37A7B}.AppStore|iPhone.ActiveCfg = Release|Any CPU
		{8B0B15C3-64FB-4F1E-8C73-E57067B37A7B}.AppStore|iPhone.Build.0 = Release|Any CPU
		{8B0B15C3-64FB-4F1E-8C73-E57067B37A7B}.AppStore|iPhone.Deploy.0 = Release|Any CPU
		{8B0B15C3-64FB-4F1E-8C73-E57067B37A7B}.AppStore|iPhoneSimulator.ActiveCfg = Release|Any CPU
		{8B0B15C3-64FB-4F1E-8C73-E57067B37A7B}.AppStore|iPhoneSimulator.Build.0 = Release|Any CPU
		{8B0B15C3-64FB-4F1E-8C73-E57067B37A7B}.AppStore|iPhoneSimulator.Deploy.0 = Release|Any CPU
		{8B0B15C3-64FB-4F1E-8C73-E57067B37A7B}.AppStore|x64.ActiveCfg = Release|Any CPU
		{8B0B15C3-64FB-4F1E-8C73-E57067B37A7B}.AppStore|x64.Build.0 = Release|Any CPU
		{8B0B15C3-64FB-4F1E-8C73-E57067B37A7B}.AppStore|x64.Deploy.0 = Release|Any CPU
		{8B0B15C3-64FB-4F1E-8C73-E57067B37A7B}.AppStore|x86.ActiveCfg = Release|Any CPU
		{8B0B15C3-64FB-4F1E-8C73-E57067B37A7B}.AppStore|x86.Build.0 = Release|Any CPU
		{8B0B15C3-64FB-4F1E-8C73-E57067B37A7B}.AppStore|x86.Deploy.0 = Release|Any CPU
		{8B0B15C3-64FB-4F1E-8C73-E57067B37A7B}.Debug|Any CPU.ActiveCfg = Debug|Any CPU
		{8B0B15C3-64FB-4F1E-8C73-E57067B37A7B}.Debug|Any CPU.Build.0 = Debug|Any CPU
		{8B0B15C3-64FB-4F1E-8C73-E57067B37A7B}.Debug|Any CPU.Deploy.0 = Debug|Any CPU
		{8B0B15C3-64FB-4F1E-8C73-E57067B37A7B}.Debug|ARM.ActiveCfg = Debug|Any CPU
		{8B0B15C3-64FB-4F1E-8C73-E57067B37A7B}.Debug|ARM.Build.0 = Debug|Any CPU
		{8B0B15C3-64FB-4F1E-8C73-E57067B37A7B}.Debug|ARM.Deploy.0 = Debug|Any CPU
		{8B0B15C3-64FB-4F1E-8C73-E57067B37A7B}.Debug|iPhone.ActiveCfg = Debug|Any CPU
		{8B0B15C3-64FB-4F1E-8C73-E57067B37A7B}.Debug|iPhone.Build.0 = Debug|Any CPU
		{8B0B15C3-64FB-4F1E-8C73-E57067B37A7B}.Debug|iPhone.Deploy.0 = Debug|Any CPU
		{8B0B15C3-64FB-4F1E-8C73-E57067B37A7B}.Debug|iPhoneSimulator.ActiveCfg = Debug|Any CPU
		{8B0B15C3-64FB-4F1E-8C73-E57067B37A7B}.Debug|iPhoneSimulator.Build.0 = Debug|Any CPU
		{8B0B15C3-64FB-4F1E-8C73-E57067B37A7B}.Debug|iPhoneSimulator.Deploy.0 = Debug|Any CPU
		{8B0B15C3-64FB-4F1E-8C73-E57067B37A7B}.Debug|x64.ActiveCfg = Debug|Any CPU
		{8B0B15C3-64FB-4F1E-8C73-E57067B37A7B}.Debug|x64.Build.0 = Debug|Any CPU
		{8B0B15C3-64FB-4F1E-8C73-E57067B37A7B}.Debug|x64.Deploy.0 = Debug|Any CPU
		{8B0B15C3-64FB-4F1E-8C73-E57067B37A7B}.Debug|x86.ActiveCfg = Debug|Any CPU
		{8B0B15C3-64FB-4F1E-8C73-E57067B37A7B}.Debug|x86.Build.0 = Debug|Any CPU
		{8B0B15C3-64FB-4F1E-8C73-E57067B37A7B}.Debug|x86.Deploy.0 = Debug|Any CPU
		{8B0B15C3-64FB-4F1E-8C73-E57067B37A7B}.Release|Any CPU.ActiveCfg = Release|Any CPU
		{8B0B15C3-64FB-4F1E-8C73-E57067B37A7B}.Release|Any CPU.Build.0 = Release|Any CPU
		{8B0B15C3-64FB-4F1E-8C73-E57067B37A7B}.Release|Any CPU.Deploy.0 = Release|Any CPU
		{8B0B15C3-64FB-4F1E-8C73-E57067B37A7B}.Release|ARM.ActiveCfg = Release|Any CPU
		{8B0B15C3-64FB-4F1E-8C73-E57067B37A7B}.Release|ARM.Build.0 = Release|Any CPU
		{8B0B15C3-64FB-4F1E-8C73-E57067B37A7B}.Release|ARM.Deploy.0 = Release|Any CPU
		{8B0B15C3-64FB-4F1E-8C73-E57067B37A7B}.Release|iPhone.ActiveCfg = Release|Any CPU
		{8B0B15C3-64FB-4F1E-8C73-E57067B37A7B}.Release|iPhone.Build.0 = Release|Any CPU
		{8B0B15C3-64FB-4F1E-8C73-E57067B37A7B}.Release|iPhone.Deploy.0 = Release|Any CPU
		{8B0B15C3-64FB-4F1E-8C73-E57067B37A7B}.Release|iPhoneSimulator.ActiveCfg = Release|Any CPU
		{8B0B15C3-64FB-4F1E-8C73-E57067B37A7B}.Release|iPhoneSimulator.Build.0 = Release|Any CPU
		{8B0B15C3-64FB-4F1E-8C73-E57067B37A7B}.Release|iPhoneSimulator.Deploy.0 = Release|Any CPU
		{8B0B15C3-64FB-4F1E-8C73-E57067B37A7B}.Release|x64.ActiveCfg = Release|Any CPU
		{8B0B15C3-64FB-4F1E-8C73-E57067B37A7B}.Release|x64.Build.0 = Release|Any CPU
		{8B0B15C3-64FB-4F1E-8C73-E57067B37A7B}.Release|x64.Deploy.0 = Release|Any CPU
		{8B0B15C3-64FB-4F1E-8C73-E57067B37A7B}.Release|x86.ActiveCfg = Release|Any CPU
		{8B0B15C3-64FB-4F1E-8C73-E57067B37A7B}.Release|x86.Build.0 = Release|Any CPU
		{8B0B15C3-64FB-4F1E-8C73-E57067B37A7B}.Release|x86.Deploy.0 = Release|Any CPU
		{B02E8BDC-8C24-45EA-B360-8BC197D0343C}.Ad-Hoc|Any CPU.ActiveCfg = Ad-Hoc|iPhone
		{B02E8BDC-8C24-45EA-B360-8BC197D0343C}.Ad-Hoc|ARM.ActiveCfg = Ad-Hoc|iPhone
		{B02E8BDC-8C24-45EA-B360-8BC197D0343C}.Ad-Hoc|iPhone.ActiveCfg = Ad-Hoc|iPhone
		{B02E8BDC-8C24-45EA-B360-8BC197D0343C}.Ad-Hoc|iPhone.Build.0 = Ad-Hoc|iPhone
		{B02E8BDC-8C24-45EA-B360-8BC197D0343C}.Ad-Hoc|iPhoneSimulator.ActiveCfg = Ad-Hoc|iPhoneSimulator
		{B02E8BDC-8C24-45EA-B360-8BC197D0343C}.Ad-Hoc|iPhoneSimulator.Build.0 = Ad-Hoc|iPhoneSimulator
		{B02E8BDC-8C24-45EA-B360-8BC197D0343C}.Ad-Hoc|x64.ActiveCfg = Ad-Hoc|iPhone
		{B02E8BDC-8C24-45EA-B360-8BC197D0343C}.Ad-Hoc|x86.ActiveCfg = Ad-Hoc|iPhone
		{B02E8BDC-8C24-45EA-B360-8BC197D0343C}.AppStore|Any CPU.ActiveCfg = AppStore|iPhone
		{B02E8BDC-8C24-45EA-B360-8BC197D0343C}.AppStore|ARM.ActiveCfg = AppStore|iPhone
		{B02E8BDC-8C24-45EA-B360-8BC197D0343C}.AppStore|iPhone.ActiveCfg = AppStore|iPhone
		{B02E8BDC-8C24-45EA-B360-8BC197D0343C}.AppStore|iPhone.Build.0 = AppStore|iPhone
		{B02E8BDC-8C24-45EA-B360-8BC197D0343C}.AppStore|iPhoneSimulator.ActiveCfg = AppStore|iPhoneSimulator
		{B02E8BDC-8C24-45EA-B360-8BC197D0343C}.AppStore|iPhoneSimulator.Build.0 = AppStore|iPhoneSimulator
		{B02E8BDC-8C24-45EA-B360-8BC197D0343C}.AppStore|x64.ActiveCfg = AppStore|iPhone
		{B02E8BDC-8C24-45EA-B360-8BC197D0343C}.AppStore|x86.ActiveCfg = AppStore|iPhone
		{B02E8BDC-8C24-45EA-B360-8BC197D0343C}.Debug|Any CPU.ActiveCfg = Debug|iPhone
		{B02E8BDC-8C24-45EA-B360-8BC197D0343C}.Debug|ARM.ActiveCfg = Debug|iPhone
		{B02E8BDC-8C24-45EA-B360-8BC197D0343C}.Debug|iPhone.ActiveCfg = Debug|iPhone
		{B02E8BDC-8C24-45EA-B360-8BC197D0343C}.Debug|iPhone.Build.0 = Debug|iPhone
		{B02E8BDC-8C24-45EA-B360-8BC197D0343C}.Debug|iPhoneSimulator.ActiveCfg = Debug|iPhoneSimulator
		{B02E8BDC-8C24-45EA-B360-8BC197D0343C}.Debug|iPhoneSimulator.Build.0 = Debug|iPhoneSimulator
		{B02E8BDC-8C24-45EA-B360-8BC197D0343C}.Debug|x64.ActiveCfg = Debug|iPhone
		{B02E8BDC-8C24-45EA-B360-8BC197D0343C}.Debug|x86.ActiveCfg = Debug|iPhone
		{B02E8BDC-8C24-45EA-B360-8BC197D0343C}.Release|Any CPU.ActiveCfg = Release|iPhone
		{B02E8BDC-8C24-45EA-B360-8BC197D0343C}.Release|ARM.ActiveCfg = Release|iPhone
		{B02E8BDC-8C24-45EA-B360-8BC197D0343C}.Release|iPhone.ActiveCfg = Release|iPhone
		{B02E8BDC-8C24-45EA-B360-8BC197D0343C}.Release|iPhone.Build.0 = Release|iPhone
		{B02E8BDC-8C24-45EA-B360-8BC197D0343C}.Release|iPhoneSimulator.ActiveCfg = Release|iPhoneSimulator
		{B02E8BDC-8C24-45EA-B360-8BC197D0343C}.Release|iPhoneSimulator.Build.0 = Release|iPhoneSimulator
		{B02E8BDC-8C24-45EA-B360-8BC197D0343C}.Release|x64.ActiveCfg = Release|iPhone
		{B02E8BDC-8C24-45EA-B360-8BC197D0343C}.Release|x86.ActiveCfg = Release|iPhone
	EndGlobalSection
	GlobalSection(SolutionProperties) = preSolution
		HideSolutionNode = FALSE
	EndGlobalSection
	GlobalSection(ExtensibilityGlobals) = postSolution
		SolutionGuid = {2860414A-0DE8-48B9-BB19-894ACCE0124F}
	EndGlobalSection
EndGlobal
